omega_lock 3
targets 1
target omega.target-profile.v1:linux_x86_64
source 847
omega-source-closure 2
target "omega.target-profile.v1:linux_x86_64"
root
role package
request external-local "/home/ubuntu/repos/Squalr-Omega/squalr-engine-api" "6485e0de25245c920006a3d47b6b4b7705980fe51b8aab8f1405c439fcf2f795"
selected
source
name "squalr_engine_api"
lineage external-local "6485e0de25245c920006a3d47b6b4b7705980fe51b8aab8f1405c439fcf2f795" "/home/ubuntu/repos/Squalr-Omega/squalr-engine-api"
resolution external-local "78c5f4af697a2ec76b3963f1786eb5f60f6a59ac2d7cdbb910474fa5ea2cc553"
packages 1
package
source
name "squalr_engine_api"
lineage external-local "6485e0de25245c920006a3d47b6b4b7705980fe51b8aab8f1405c439fcf2f795" "/home/ubuntu/repos/Squalr-Omega/squalr-engine-api"
resolution external-local "78c5f4af697a2ec76b3963f1786eb5f60f6a59ac2d7cdbb910474fa5ea2cc553"
navigation root
authored 0
authored-build 0
edges 0
end
occurrences 1
occurrence 0 product omega.target-profile.v1:linux_x86_64 omega.target-profile.v1:linux_x86_64
acceptance 42
acceptance_schema 2
rows 0
end_acceptance
decisions 203
omega-policy-decisions 2
source 48e861783074bfc02ca42791dd65f7f174061e1fe81c2fadb5f2d2a15a63c2b7
baseline none
comparison 34cb5dacc55f4a09498d48218061bf19e5773217e3b079bc0498fd97e3b5c8e6
decisions 0
end
end_target
end
