omega_lock 3
targets 1
target omega.target-profile.v1:linux_x86_64
source 847
omega-source-closure 2
target "omega.target-profile.v1:linux_x86_64"
root
role package
request external-local "/home/ubuntu/repos/Squalr-Omega/squalr-engine-api" "6485e0de25245c920006a3d47b6b4b7705980fe51b8aab8f1405c439fcf2f795"
selected
source
name "squalr_engine_api"
lineage external-local "6485e0de25245c920006a3d47b6b4b7705980fe51b8aab8f1405c439fcf2f795" "/home/ubuntu/repos/Squalr-Omega/squalr-engine-api"
resolution external-local "8f752a3a4cf42f912dde5daf1d773176ca01bf514acc1eb12c03ef96be500ee9"
packages 1
package
source
name "squalr_engine_api"
lineage external-local "6485e0de25245c920006a3d47b6b4b7705980fe51b8aab8f1405c439fcf2f795" "/home/ubuntu/repos/Squalr-Omega/squalr-engine-api"
resolution external-local "8f752a3a4cf42f912dde5daf1d773176ca01bf514acc1eb12c03ef96be500ee9"
navigation root
authored 0
authored-build 0
edges 0
end
occurrences 1
occurrence 0 product omega.target-profile.v1:linux_x86_64 omega.target-profile.v1:linux_x86_64
acceptance 42
acceptance_schema 3
rows 0
end_acceptance
decisions 203
omega-policy-decisions 2
source 0491302c51c90cd3a5ee09f96fc974a16d571cbd2d98ae907d02194f9c418248
baseline none
comparison f783539bfdbb12c90bde481700ed09aec9485aed9a91625b9e59ecdfd3ecb85d
decisions 0
end
end_target
end
