omega_lock 3
targets 1
target omega.target-profile.v1:linux_x86_64
source 847
omega-source-closure 2
target "omega.target-profile.v1:linux_x86_64"
root
role package
request external-local "/home/ubuntu/repos/Squalr-Omega/squalr-engine-api" "6485e0de25245c920006a3d47b6b4b7705980fe51b8aab8f1405c439fcf2f795"
selected
source
name "squalr_engine_api"
lineage external-local "6485e0de25245c920006a3d47b6b4b7705980fe51b8aab8f1405c439fcf2f795" "/home/ubuntu/repos/Squalr-Omega/squalr-engine-api"
resolution external-local "145420db1cd081b0a53971c7ef92f26a38dce9be0494a62b48f049ff74e2c6ec"
packages 1
package
source
name "squalr_engine_api"
lineage external-local "6485e0de25245c920006a3d47b6b4b7705980fe51b8aab8f1405c439fcf2f795" "/home/ubuntu/repos/Squalr-Omega/squalr-engine-api"
resolution external-local "145420db1cd081b0a53971c7ef92f26a38dce9be0494a62b48f049ff74e2c6ec"
navigation root
authored 0
authored-build 0
edges 0
end
occurrences 1
occurrence 0 product omega.target-profile.v1:linux_x86_64 omega.target-profile.v1:linux_x86_64
acceptance 42
acceptance_schema 2
rows 0
end_acceptance
decisions 263
omega-policy-decisions 2
source d44db2bf42c1a99b7614e8befb6e342b8a26e7e935e0c462688bfd14029e6304
baseline 11c5fa17b965eb57632ae589f46664f47c1f6e9d95cb4539c8729897b5328448
comparison 3353a9c8c93da9120fe4ec655eaa0e5b01b09e66d3b2ccfffbbdea71f89a1204
decisions 0
end
end_target
end
