omega_lock 3
targets 1
target omega.target-profile.v1:linux_x86_64
source 31696
omega-source-closure 2
target "omega.target-profile.v1:linux_x86_64"
root
role application
request external-local "/home/ubuntu/repos/Squalr-Omega/squalr-tests" "6485e0de25245c920006a3d47b6b4b7705980fe51b8aab8f1405c439fcf2f795"
selected
source
name "squalr-tests"
lineage external-local "6485e0de25245c920006a3d47b6b4b7705980fe51b8aab8f1405c439fcf2f795" "/home/ubuntu/repos/Squalr-Omega/squalr-tests"
resolution external-local "64989622519dae5a354257f15bf142d4469688c3343335bed0ebe1c196fcb0b4"
packages 17
package
source
name "omega-language-std"
lineage github "cathedralos" "omega"
resolution git "2a8edec522e887a50f0b079c838505b7afc3ac93" "3b1c6419a16de2d0c56ab5baaa3605c7a24a441a" "8d3f88f5611b45a324e3358f28b6d724c9def466609aeac75bd527e84cabcf02"
navigation member "source/library/std"
authored 0
authored-build 0
package
source
name "squalr-engine"
lineage external-local "6485e0de25245c920006a3d47b6b4b7705980fe51b8aab8f1405c439fcf2f795" "/home/ubuntu/repos/Squalr-Omega/squalr-engine"
resolution external-local "f8bdf969f75bd051c3bdb857939910a3d0e2cf758614af613a6eea776f1775a3"
navigation root
authored 4
request path "../squalr-engine-api"
alias none
request path "../squalr-engine-session"
alias none
request path "../squalr-engine-projects"
alias none
request path "../squalr-engine-scanning"
alias none
authored-build 0
package
source
name "squalr-engine-api"
lineage external-local "6485e0de25245c920006a3d47b6b4b7705980fe51b8aab8f1405c439fcf2f795" "/home/ubuntu/repos/Squalr-Omega/squalr-engine-api"
resolution external-local "e3bc877892f47c5fb52657ebe59af379282e9e23231bd57393053693e273324d"
navigation root
authored 0
authored-build 0
package
source
name "squalr-engine-projects"
lineage external-local "6485e0de25245c920006a3d47b6b4b7705980fe51b8aab8f1405c439fcf2f795" "/home/ubuntu/repos/Squalr-Omega/squalr-engine-projects"
resolution external-local "7adc1b13e5452c21e3067b429174abe2491bd52120d5d4d33d216c50fcab1970"
navigation root
authored 1
request path "../squalr-engine-api"
alias none
authored-build 0
package
source
name "squalr-engine-scanning"
lineage external-local "6485e0de25245c920006a3d47b6b4b7705980fe51b8aab8f1405c439fcf2f795" "/home/ubuntu/repos/Squalr-Omega/squalr-engine-scanning"
resolution external-local "9f04934d9390726719f96557c009970f3930ef46a3e8feed07a34d5904aa0723"
navigation root
authored 1
request path "../squalr-engine-api"
alias none
authored-build 0
package
source
name "squalr-engine-session"
lineage external-local "6485e0de25245c920006a3d47b6b4b7705980fe51b8aab8f1405c439fcf2f795" "/home/ubuntu/repos/Squalr-Omega/squalr-engine-session"
resolution external-local "f56af4fd0f90c000b3e3617904bd82fbbbcfac7c7a795a3c96c9c5106f6b8934"
navigation root
authored 6
request path "../squalr-engine-api"
alias none
request path "../squalr-engine-projects"
alias none
request path "../squalr-engine-targets"
alias none
request path "../squalr-engine-targets-native"
alias none
request path "../plugins/squalr-plugin-builtins"
alias none
request git "https://github.com/CathedralOS/Omega.git" "2a8edec522e887a50f0b079c838505b7afc3ac93"
selection named "omega-language-std"
alias none
authored-build 0
package
source
name "squalr-engine-targets"
lineage external-local "6485e0de25245c920006a3d47b6b4b7705980fe51b8aab8f1405c439fcf2f795" "/home/ubuntu/repos/Squalr-Omega/squalr-engine-targets"
resolution external-local "6c29f5a8ed5bf894cb99f9cc23c1c037a568e95903c12456db679ce3fac0a03f"
navigation root
authored 2
request path "../squalr-engine-api"
alias none
request git "https://github.com/CathedralOS/Omega.git" "2a8edec522e887a50f0b079c838505b7afc3ac93"
selection named "omega-language-std"
alias none
authored-build 0
package
source
name "squalr-engine-targets-native"
lineage external-local "6485e0de25245c920006a3d47b6b4b7705980fe51b8aab8f1405c439fcf2f795" "/home/ubuntu/repos/Squalr-Omega/squalr-engine-targets-native"
resolution external-local "bed0eb1f3d162b0303a18285c3a0029ecabe901191add71813327e90a4618d69"
navigation root
authored 3
request path "../squalr-engine-api"
alias none
request path "../squalr-engine-targets"
alias none
request git "https://github.com/CathedralOS/Omega.git" "2a8edec522e887a50f0b079c838505b7afc3ac93"
selection named "omega-language-std"
alias none
authored-build 0
package
source
name "squalr-plugin-binary-symbols"
lineage external-local "6485e0de25245c920006a3d47b6b4b7705980fe51b8aab8f1405c439fcf2f795" "/home/ubuntu/repos/Squalr-Omega/plugins/squalr-plugin-binary-symbols"
resolution external-local "a101d463eedbe5452794bea46b3cfe855e42c021ed192746d41e3f0a52d3fca0"
navigation root
authored 1
request path "../../squalr-engine-api"
alias none
authored-build 0
package
source
name "squalr-plugin-builtins"
lineage external-local "6485e0de25245c920006a3d47b6b4b7705980fe51b8aab8f1405c439fcf2f795" "/home/ubuntu/repos/Squalr-Omega/plugins/squalr-plugin-builtins"
resolution external-local "21b5aaeafecc8993e84d849c31e850c0428270b119ed137ff16b209f35697362"
navigation root
authored 8
request path "../../squalr-engine-api"
alias none
request path "../squalr-plugin-data-types-24bit"
alias none
request path "../squalr-plugin-instructions-arm"
alias none
request path "../squalr-plugin-instructions-powerpc"
alias none
request path "../squalr-plugin-instructions-x86"
alias none
request path "../squalr-plugin-memory-view-dolphin"
alias none
request path "../squalr-plugin-binary-symbols"
alias none
request path "../squalr-plugin-debuggers-native"
alias none
authored-build 0
package
source
name "squalr-plugin-data-types-24bit"
lineage external-local "6485e0de25245c920006a3d47b6b4b7705980fe51b8aab8f1405c439fcf2f795" "/home/ubuntu/repos/Squalr-Omega/plugins/squalr-plugin-data-types-24bit"
resolution external-local "820f3db836b8ed8e4ec576f1bdd6ea55e0ee794ac530ba6083dce5db166343e9"
navigation root
authored 1
request path "../../squalr-engine-api"
alias none
authored-build 0
package
source
name "squalr-plugin-debuggers-native"
lineage external-local "6485e0de25245c920006a3d47b6b4b7705980fe51b8aab8f1405c439fcf2f795" "/home/ubuntu/repos/Squalr-Omega/plugins/squalr-plugin-debuggers-native"
resolution external-local "110dbd1554d7e088c4029d28ff075d6e9b3ab2dc6d5fbd86b3f9c970acca4797"
navigation root
authored 1
request path "../../squalr-engine-api"
alias none
authored-build 0
package
source
name "squalr-plugin-instructions-arm"
lineage external-local "6485e0de25245c920006a3d47b6b4b7705980fe51b8aab8f1405c439fcf2f795" "/home/ubuntu/repos/Squalr-Omega/plugins/squalr-plugin-instructions-arm"
resolution external-local "e95fa1f9744e453019437bc703e91b0d75cc82908c3fbb21f1951463a7e19245"
navigation root
authored 1
request path "../../squalr-engine-api"
alias none
authored-build 0
package
source
name "squalr-plugin-instructions-powerpc"
lineage external-local "6485e0de25245c920006a3d47b6b4b7705980fe51b8aab8f1405c439fcf2f795" "/home/ubuntu/repos/Squalr-Omega/plugins/squalr-plugin-instructions-powerpc"
resolution external-local "ec62e78a25e7cb8fb2a55365f8e2d12d65490d494d88dcdcf06d343adfb6fb4f"
navigation root
authored 1
request path "../../squalr-engine-api"
alias none
authored-build 0
package
source
name "squalr-plugin-instructions-x86"
lineage external-local "6485e0de25245c920006a3d47b6b4b7705980fe51b8aab8f1405c439fcf2f795" "/home/ubuntu/repos/Squalr-Omega/plugins/squalr-plugin-instructions-x86"
resolution external-local "63b06e67bbe4b3ef2edef55ff2e87d288346956a7b07675bd61261954067c611"
navigation root
authored 1
request path "../../squalr-engine-api"
alias none
authored-build 0
package
source
name "squalr-plugin-memory-view-dolphin"
lineage external-local "6485e0de25245c920006a3d47b6b4b7705980fe51b8aab8f1405c439fcf2f795" "/home/ubuntu/repos/Squalr-Omega/plugins/squalr-plugin-memory-view-dolphin"
resolution external-local "fb3d6f53897734c6cda69f2539011c26521d0945546df1618b5b4b6713976642"
navigation root
authored 2
request path "../../squalr-engine-api"
alias none
request path "../../squalr-engine-targets-native"
alias none
authored-build 0
package
source
name "squalr-tests"
lineage external-local "6485e0de25245c920006a3d47b6b4b7705980fe51b8aab8f1405c439fcf2f795" "/home/ubuntu/repos/Squalr-Omega/squalr-tests"
resolution external-local "64989622519dae5a354257f15bf142d4469688c3343335bed0ebe1c196fcb0b4"
navigation root
authored 5
request path "../squalr-engine"
alias none
request path "../squalr-engine-api"
alias none
request path "../squalr-engine-session"
alias none
request path "../squalr-engine-targets"
alias none
request git "https://github.com/CathedralOS/Omega.git" "2a8edec522e887a50f0b079c838505b7afc3ac93"
selection named "omega-language-std"
alias none
authored-build 0
edges 38
edge
requester
name "squalr-engine"
lineage external-local "6485e0de25245c920006a3d47b6b4b7705980fe51b8aab8f1405c439fcf2f795" "/home/ubuntu/repos/Squalr-Omega/squalr-engine"
purpose "product"
ordinal 0
request path "../squalr-engine-api"
alias none
resolved-alias "squalr_engine_api"
selected
source
name "squalr-engine-api"
lineage external-local "6485e0de25245c920006a3d47b6b4b7705980fe51b8aab8f1405c439fcf2f795" "/home/ubuntu/repos/Squalr-Omega/squalr-engine-api"
resolution external-local "e3bc877892f47c5fb52657ebe59af379282e9e23231bd57393053693e273324d"
edge
requester
name "squalr-engine"
lineage external-local "6485e0de25245c920006a3d47b6b4b7705980fe51b8aab8f1405c439fcf2f795" "/home/ubuntu/repos/Squalr-Omega/squalr-engine"
purpose "product"
ordinal 1
request path "../squalr-engine-session"
alias none
resolved-alias "squalr_engine_session"
selected
source
name "squalr-engine-session"
lineage external-local "6485e0de25245c920006a3d47b6b4b7705980fe51b8aab8f1405c439fcf2f795" "/home/ubuntu/repos/Squalr-Omega/squalr-engine-session"
resolution external-local "f56af4fd0f90c000b3e3617904bd82fbbbcfac7c7a795a3c96c9c5106f6b8934"
edge
requester
name "squalr-engine"
lineage external-local "6485e0de25245c920006a3d47b6b4b7705980fe51b8aab8f1405c439fcf2f795" "/home/ubuntu/repos/Squalr-Omega/squalr-engine"
purpose "product"
ordinal 2
request path "../squalr-engine-projects"
alias none
resolved-alias "squalr_engine_projects"
selected
source
name "squalr-engine-projects"
lineage external-local "6485e0de25245c920006a3d47b6b4b7705980fe51b8aab8f1405c439fcf2f795" "/home/ubuntu/repos/Squalr-Omega/squalr-engine-projects"
resolution external-local "7adc1b13e5452c21e3067b429174abe2491bd52120d5d4d33d216c50fcab1970"
edge
requester
name "squalr-engine"
lineage external-local "6485e0de25245c920006a3d47b6b4b7705980fe51b8aab8f1405c439fcf2f795" "/home/ubuntu/repos/Squalr-Omega/squalr-engine"
purpose "product"
ordinal 3
request path "../squalr-engine-scanning"
alias none
resolved-alias "squalr_engine_scanning"
selected
source
name "squalr-engine-scanning"
lineage external-local "6485e0de25245c920006a3d47b6b4b7705980fe51b8aab8f1405c439fcf2f795" "/home/ubuntu/repos/Squalr-Omega/squalr-engine-scanning"
resolution external-local "9f04934d9390726719f96557c009970f3930ef46a3e8feed07a34d5904aa0723"
edge
requester
name "squalr-engine-projects"
lineage external-local "6485e0de25245c920006a3d47b6b4b7705980fe51b8aab8f1405c439fcf2f795" "/home/ubuntu/repos/Squalr-Omega/squalr-engine-projects"
purpose "product"
ordinal 0
request path "../squalr-engine-api"
alias none
resolved-alias "squalr_engine_api"
selected
source
name "squalr-engine-api"
lineage external-local "6485e0de25245c920006a3d47b6b4b7705980fe51b8aab8f1405c439fcf2f795" "/home/ubuntu/repos/Squalr-Omega/squalr-engine-api"
resolution external-local "e3bc877892f47c5fb52657ebe59af379282e9e23231bd57393053693e273324d"
edge
requester
name "squalr-engine-scanning"
lineage external-local "6485e0de25245c920006a3d47b6b4b7705980fe51b8aab8f1405c439fcf2f795" "/home/ubuntu/repos/Squalr-Omega/squalr-engine-scanning"
purpose "product"
ordinal 0
request path "../squalr-engine-api"
alias none
resolved-alias "squalr_engine_api"
selected
source
name "squalr-engine-api"
lineage external-local "6485e0de25245c920006a3d47b6b4b7705980fe51b8aab8f1405c439fcf2f795" "/home/ubuntu/repos/Squalr-Omega/squalr-engine-api"
resolution external-local "e3bc877892f47c5fb52657ebe59af379282e9e23231bd57393053693e273324d"
edge
requester
name "squalr-engine-session"
lineage external-local "6485e0de25245c920006a3d47b6b4b7705980fe51b8aab8f1405c439fcf2f795" "/home/ubuntu/repos/Squalr-Omega/squalr-engine-session"
purpose "product"
ordinal 0
request path "../squalr-engine-api"
alias none
resolved-alias "squalr_engine_api"
selected
source
name "squalr-engine-api"
lineage external-local "6485e0de25245c920006a3d47b6b4b7705980fe51b8aab8f1405c439fcf2f795" "/home/ubuntu/repos/Squalr-Omega/squalr-engine-api"
resolution external-local "e3bc877892f47c5fb52657ebe59af379282e9e23231bd57393053693e273324d"
edge
requester
name "squalr-engine-session"
lineage external-local "6485e0de25245c920006a3d47b6b4b7705980fe51b8aab8f1405c439fcf2f795" "/home/ubuntu/repos/Squalr-Omega/squalr-engine-session"
purpose "product"
ordinal 1
request path "../squalr-engine-projects"
alias none
resolved-alias "squalr_engine_projects"
selected
source
name "squalr-engine-projects"
lineage external-local "6485e0de25245c920006a3d47b6b4b7705980fe51b8aab8f1405c439fcf2f795" "/home/ubuntu/repos/Squalr-Omega/squalr-engine-projects"
resolution external-local "7adc1b13e5452c21e3067b429174abe2491bd52120d5d4d33d216c50fcab1970"
edge
requester
name "squalr-engine-session"
lineage external-local "6485e0de25245c920006a3d47b6b4b7705980fe51b8aab8f1405c439fcf2f795" "/home/ubuntu/repos/Squalr-Omega/squalr-engine-session"
purpose "product"
ordinal 2
request path "../squalr-engine-targets"
alias none
resolved-alias "squalr_engine_targets"
selected
source
name "squalr-engine-targets"
lineage external-local "6485e0de25245c920006a3d47b6b4b7705980fe51b8aab8f1405c439fcf2f795" "/home/ubuntu/repos/Squalr-Omega/squalr-engine-targets"
resolution external-local "6c29f5a8ed5bf894cb99f9cc23c1c037a568e95903c12456db679ce3fac0a03f"
edge
requester
name "squalr-engine-session"
lineage external-local "6485e0de25245c920006a3d47b6b4b7705980fe51b8aab8f1405c439fcf2f795" "/home/ubuntu/repos/Squalr-Omega/squalr-engine-session"
purpose "product"
ordinal 3
request path "../squalr-engine-targets-native"
alias none
resolved-alias "squalr_engine_targets_native"
selected
source
name "squalr-engine-targets-native"
lineage external-local "6485e0de25245c920006a3d47b6b4b7705980fe51b8aab8f1405c439fcf2f795" "/home/ubuntu/repos/Squalr-Omega/squalr-engine-targets-native"
resolution external-local "bed0eb1f3d162b0303a18285c3a0029ecabe901191add71813327e90a4618d69"
edge
requester
name "squalr-engine-session"
lineage external-local "6485e0de25245c920006a3d47b6b4b7705980fe51b8aab8f1405c439fcf2f795" "/home/ubuntu/repos/Squalr-Omega/squalr-engine-session"
purpose "product"
ordinal 4
request path "../plugins/squalr-plugin-builtins"
alias none
resolved-alias "squalr_plugin_builtins"
selected
source
name "squalr-plugin-builtins"
lineage external-local "6485e0de25245c920006a3d47b6b4b7705980fe51b8aab8f1405c439fcf2f795" "/home/ubuntu/repos/Squalr-Omega/plugins/squalr-plugin-builtins"
resolution external-local "21b5aaeafecc8993e84d849c31e850c0428270b119ed137ff16b209f35697362"
edge
requester
name "squalr-engine-session"
lineage external-local "6485e0de25245c920006a3d47b6b4b7705980fe51b8aab8f1405c439fcf2f795" "/home/ubuntu/repos/Squalr-Omega/squalr-engine-session"
purpose "product"
ordinal 5
request git "https://github.com/CathedralOS/Omega.git" "2a8edec522e887a50f0b079c838505b7afc3ac93"
selection named "omega-language-std"
alias none
resolved-alias "omega_language_std"
selected
source
name "omega-language-std"
lineage github "cathedralos" "omega"
resolution git "2a8edec522e887a50f0b079c838505b7afc3ac93" "3b1c6419a16de2d0c56ab5baaa3605c7a24a441a" "8d3f88f5611b45a324e3358f28b6d724c9def466609aeac75bd527e84cabcf02"
edge
requester
name "squalr-engine-targets"
lineage external-local "6485e0de25245c920006a3d47b6b4b7705980fe51b8aab8f1405c439fcf2f795" "/home/ubuntu/repos/Squalr-Omega/squalr-engine-targets"
purpose "product"
ordinal 0
request path "../squalr-engine-api"
alias none
resolved-alias "squalr_engine_api"
selected
source
name "squalr-engine-api"
lineage external-local "6485e0de25245c920006a3d47b6b4b7705980fe51b8aab8f1405c439fcf2f795" "/home/ubuntu/repos/Squalr-Omega/squalr-engine-api"
resolution external-local "e3bc877892f47c5fb52657ebe59af379282e9e23231bd57393053693e273324d"
edge
requester
name "squalr-engine-targets"
lineage external-local "6485e0de25245c920006a3d47b6b4b7705980fe51b8aab8f1405c439fcf2f795" "/home/ubuntu/repos/Squalr-Omega/squalr-engine-targets"
purpose "product"
ordinal 1
request git "https://github.com/CathedralOS/Omega.git" "2a8edec522e887a50f0b079c838505b7afc3ac93"
selection named "omega-language-std"
alias none
resolved-alias "omega_language_std"
selected
source
name "omega-language-std"
lineage github "cathedralos" "omega"
resolution git "2a8edec522e887a50f0b079c838505b7afc3ac93" "3b1c6419a16de2d0c56ab5baaa3605c7a24a441a" "8d3f88f5611b45a324e3358f28b6d724c9def466609aeac75bd527e84cabcf02"
edge
requester
name "squalr-engine-targets-native"
lineage external-local "6485e0de25245c920006a3d47b6b4b7705980fe51b8aab8f1405c439fcf2f795" "/home/ubuntu/repos/Squalr-Omega/squalr-engine-targets-native"
purpose "product"
ordinal 0
request path "../squalr-engine-api"
alias none
resolved-alias "squalr_engine_api"
selected
source
name "squalr-engine-api"
lineage external-local "6485e0de25245c920006a3d47b6b4b7705980fe51b8aab8f1405c439fcf2f795" "/home/ubuntu/repos/Squalr-Omega/squalr-engine-api"
resolution external-local "e3bc877892f47c5fb52657ebe59af379282e9e23231bd57393053693e273324d"
edge
requester
name "squalr-engine-targets-native"
lineage external-local "6485e0de25245c920006a3d47b6b4b7705980fe51b8aab8f1405c439fcf2f795" "/home/ubuntu/repos/Squalr-Omega/squalr-engine-targets-native"
purpose "product"
ordinal 1
request path "../squalr-engine-targets"
alias none
resolved-alias "squalr_engine_targets"
selected
source
name "squalr-engine-targets"
lineage external-local "6485e0de25245c920006a3d47b6b4b7705980fe51b8aab8f1405c439fcf2f795" "/home/ubuntu/repos/Squalr-Omega/squalr-engine-targets"
resolution external-local "6c29f5a8ed5bf894cb99f9cc23c1c037a568e95903c12456db679ce3fac0a03f"
edge
requester
name "squalr-engine-targets-native"
lineage external-local "6485e0de25245c920006a3d47b6b4b7705980fe51b8aab8f1405c439fcf2f795" "/home/ubuntu/repos/Squalr-Omega/squalr-engine-targets-native"
purpose "product"
ordinal 2
request git "https://github.com/CathedralOS/Omega.git" "2a8edec522e887a50f0b079c838505b7afc3ac93"
selection named "omega-language-std"
alias none
resolved-alias "omega_language_std"
selected
source
name "omega-language-std"
lineage github "cathedralos" "omega"
resolution git "2a8edec522e887a50f0b079c838505b7afc3ac93" "3b1c6419a16de2d0c56ab5baaa3605c7a24a441a" "8d3f88f5611b45a324e3358f28b6d724c9def466609aeac75bd527e84cabcf02"
edge
requester
name "squalr-plugin-binary-symbols"
lineage external-local "6485e0de25245c920006a3d47b6b4b7705980fe51b8aab8f1405c439fcf2f795" "/home/ubuntu/repos/Squalr-Omega/plugins/squalr-plugin-binary-symbols"
purpose "product"
ordinal 0
request path "../../squalr-engine-api"
alias none
resolved-alias "squalr_engine_api"
selected
source
name "squalr-engine-api"
lineage external-local "6485e0de25245c920006a3d47b6b4b7705980fe51b8aab8f1405c439fcf2f795" "/home/ubuntu/repos/Squalr-Omega/squalr-engine-api"
resolution external-local "e3bc877892f47c5fb52657ebe59af379282e9e23231bd57393053693e273324d"
edge
requester
name "squalr-plugin-builtins"
lineage external-local "6485e0de25245c920006a3d47b6b4b7705980fe51b8aab8f1405c439fcf2f795" "/home/ubuntu/repos/Squalr-Omega/plugins/squalr-plugin-builtins"
purpose "product"
ordinal 0
request path "../../squalr-engine-api"
alias none
resolved-alias "squalr_engine_api"
selected
source
name "squalr-engine-api"
lineage external-local "6485e0de25245c920006a3d47b6b4b7705980fe51b8aab8f1405c439fcf2f795" "/home/ubuntu/repos/Squalr-Omega/squalr-engine-api"
resolution external-local "e3bc877892f47c5fb52657ebe59af379282e9e23231bd57393053693e273324d"
edge
requester
name "squalr-plugin-builtins"
lineage external-local "6485e0de25245c920006a3d47b6b4b7705980fe51b8aab8f1405c439fcf2f795" "/home/ubuntu/repos/Squalr-Omega/plugins/squalr-plugin-builtins"
purpose "product"
ordinal 1
request path "../squalr-plugin-data-types-24bit"
alias none
resolved-alias "squalr_plugin_data_types_24bit"
selected
source
name "squalr-plugin-data-types-24bit"
lineage external-local "6485e0de25245c920006a3d47b6b4b7705980fe51b8aab8f1405c439fcf2f795" "/home/ubuntu/repos/Squalr-Omega/plugins/squalr-plugin-data-types-24bit"
resolution external-local "820f3db836b8ed8e4ec576f1bdd6ea55e0ee794ac530ba6083dce5db166343e9"
edge
requester
name "squalr-plugin-builtins"
lineage external-local "6485e0de25245c920006a3d47b6b4b7705980fe51b8aab8f1405c439fcf2f795" "/home/ubuntu/repos/Squalr-Omega/plugins/squalr-plugin-builtins"
purpose "product"
ordinal 2
request path "../squalr-plugin-instructions-arm"
alias none
resolved-alias "squalr_plugin_instructions_arm"
selected
source
name "squalr-plugin-instructions-arm"
lineage external-local "6485e0de25245c920006a3d47b6b4b7705980fe51b8aab8f1405c439fcf2f795" "/home/ubuntu/repos/Squalr-Omega/plugins/squalr-plugin-instructions-arm"
resolution external-local "e95fa1f9744e453019437bc703e91b0d75cc82908c3fbb21f1951463a7e19245"
edge
requester
name "squalr-plugin-builtins"
lineage external-local "6485e0de25245c920006a3d47b6b4b7705980fe51b8aab8f1405c439fcf2f795" "/home/ubuntu/repos/Squalr-Omega/plugins/squalr-plugin-builtins"
purpose "product"
ordinal 3
request path "../squalr-plugin-instructions-powerpc"
alias none
resolved-alias "squalr_plugin_instructions_powerpc"
selected
source
name "squalr-plugin-instructions-powerpc"
lineage external-local "6485e0de25245c920006a3d47b6b4b7705980fe51b8aab8f1405c439fcf2f795" "/home/ubuntu/repos/Squalr-Omega/plugins/squalr-plugin-instructions-powerpc"
resolution external-local "ec62e78a25e7cb8fb2a55365f8e2d12d65490d494d88dcdcf06d343adfb6fb4f"
edge
requester
name "squalr-plugin-builtins"
lineage external-local "6485e0de25245c920006a3d47b6b4b7705980fe51b8aab8f1405c439fcf2f795" "/home/ubuntu/repos/Squalr-Omega/plugins/squalr-plugin-builtins"
purpose "product"
ordinal 4
request path "../squalr-plugin-instructions-x86"
alias none
resolved-alias "squalr_plugin_instructions_x86"
selected
source
name "squalr-plugin-instructions-x86"
lineage external-local "6485e0de25245c920006a3d47b6b4b7705980fe51b8aab8f1405c439fcf2f795" "/home/ubuntu/repos/Squalr-Omega/plugins/squalr-plugin-instructions-x86"
resolution external-local "63b06e67bbe4b3ef2edef55ff2e87d288346956a7b07675bd61261954067c611"
edge
requester
name "squalr-plugin-builtins"
lineage external-local "6485e0de25245c920006a3d47b6b4b7705980fe51b8aab8f1405c439fcf2f795" "/home/ubuntu/repos/Squalr-Omega/plugins/squalr-plugin-builtins"
purpose "product"
ordinal 5
request path "../squalr-plugin-memory-view-dolphin"
alias none
resolved-alias "squalr_plugin_memory_view_dolphin"
selected
source
name "squalr-plugin-memory-view-dolphin"
lineage external-local "6485e0de25245c920006a3d47b6b4b7705980fe51b8aab8f1405c439fcf2f795" "/home/ubuntu/repos/Squalr-Omega/plugins/squalr-plugin-memory-view-dolphin"
resolution external-local "fb3d6f53897734c6cda69f2539011c26521d0945546df1618b5b4b6713976642"
edge
requester
name "squalr-plugin-builtins"
lineage external-local "6485e0de25245c920006a3d47b6b4b7705980fe51b8aab8f1405c439fcf2f795" "/home/ubuntu/repos/Squalr-Omega/plugins/squalr-plugin-builtins"
purpose "product"
ordinal 6
request path "../squalr-plugin-binary-symbols"
alias none
resolved-alias "squalr_plugin_binary_symbols"
selected
source
name "squalr-plugin-binary-symbols"
lineage external-local "6485e0de25245c920006a3d47b6b4b7705980fe51b8aab8f1405c439fcf2f795" "/home/ubuntu/repos/Squalr-Omega/plugins/squalr-plugin-binary-symbols"
resolution external-local "a101d463eedbe5452794bea46b3cfe855e42c021ed192746d41e3f0a52d3fca0"
edge
requester
name "squalr-plugin-builtins"
lineage external-local "6485e0de25245c920006a3d47b6b4b7705980fe51b8aab8f1405c439fcf2f795" "/home/ubuntu/repos/Squalr-Omega/plugins/squalr-plugin-builtins"
purpose "product"
ordinal 7
request path "../squalr-plugin-debuggers-native"
alias none
resolved-alias "squalr_plugin_debuggers_native"
selected
source
name "squalr-plugin-debuggers-native"
lineage external-local "6485e0de25245c920006a3d47b6b4b7705980fe51b8aab8f1405c439fcf2f795" "/home/ubuntu/repos/Squalr-Omega/plugins/squalr-plugin-debuggers-native"
resolution external-local "110dbd1554d7e088c4029d28ff075d6e9b3ab2dc6d5fbd86b3f9c970acca4797"
edge
requester
name "squalr-plugin-data-types-24bit"
lineage external-local "6485e0de25245c920006a3d47b6b4b7705980fe51b8aab8f1405c439fcf2f795" "/home/ubuntu/repos/Squalr-Omega/plugins/squalr-plugin-data-types-24bit"
purpose "product"
ordinal 0
request path "../../squalr-engine-api"
alias none
resolved-alias "squalr_engine_api"
selected
source
name "squalr-engine-api"
lineage external-local "6485e0de25245c920006a3d47b6b4b7705980fe51b8aab8f1405c439fcf2f795" "/home/ubuntu/repos/Squalr-Omega/squalr-engine-api"
resolution external-local "e3bc877892f47c5fb52657ebe59af379282e9e23231bd57393053693e273324d"
edge
requester
name "squalr-plugin-debuggers-native"
lineage external-local "6485e0de25245c920006a3d47b6b4b7705980fe51b8aab8f1405c439fcf2f795" "/home/ubuntu/repos/Squalr-Omega/plugins/squalr-plugin-debuggers-native"
purpose "product"
ordinal 0
request path "../../squalr-engine-api"
alias none
resolved-alias "squalr_engine_api"
selected
source
name "squalr-engine-api"
lineage external-local "6485e0de25245c920006a3d47b6b4b7705980fe51b8aab8f1405c439fcf2f795" "/home/ubuntu/repos/Squalr-Omega/squalr-engine-api"
resolution external-local "e3bc877892f47c5fb52657ebe59af379282e9e23231bd57393053693e273324d"
edge
requester
name "squalr-plugin-instructions-arm"
lineage external-local "6485e0de25245c920006a3d47b6b4b7705980fe51b8aab8f1405c439fcf2f795" "/home/ubuntu/repos/Squalr-Omega/plugins/squalr-plugin-instructions-arm"
purpose "product"
ordinal 0
request path "../../squalr-engine-api"
alias none
resolved-alias "squalr_engine_api"
selected
source
name "squalr-engine-api"
lineage external-local "6485e0de25245c920006a3d47b6b4b7705980fe51b8aab8f1405c439fcf2f795" "/home/ubuntu/repos/Squalr-Omega/squalr-engine-api"
resolution external-local "e3bc877892f47c5fb52657ebe59af379282e9e23231bd57393053693e273324d"
edge
requester
name "squalr-plugin-instructions-powerpc"
lineage external-local "6485e0de25245c920006a3d47b6b4b7705980fe51b8aab8f1405c439fcf2f795" "/home/ubuntu/repos/Squalr-Omega/plugins/squalr-plugin-instructions-powerpc"
purpose "product"
ordinal 0
request path "../../squalr-engine-api"
alias none
resolved-alias "squalr_engine_api"
selected
source
name "squalr-engine-api"
lineage external-local "6485e0de25245c920006a3d47b6b4b7705980fe51b8aab8f1405c439fcf2f795" "/home/ubuntu/repos/Squalr-Omega/squalr-engine-api"
resolution external-local "e3bc877892f47c5fb52657ebe59af379282e9e23231bd57393053693e273324d"
edge
requester
name "squalr-plugin-instructions-x86"
lineage external-local "6485e0de25245c920006a3d47b6b4b7705980fe51b8aab8f1405c439fcf2f795" "/home/ubuntu/repos/Squalr-Omega/plugins/squalr-plugin-instructions-x86"
purpose "product"
ordinal 0
request path "../../squalr-engine-api"
alias none
resolved-alias "squalr_engine_api"
selected
source
name "squalr-engine-api"
lineage external-local "6485e0de25245c920006a3d47b6b4b7705980fe51b8aab8f1405c439fcf2f795" "/home/ubuntu/repos/Squalr-Omega/squalr-engine-api"
resolution external-local "e3bc877892f47c5fb52657ebe59af379282e9e23231bd57393053693e273324d"
edge
requester
name "squalr-plugin-memory-view-dolphin"
lineage external-local "6485e0de25245c920006a3d47b6b4b7705980fe51b8aab8f1405c439fcf2f795" "/home/ubuntu/repos/Squalr-Omega/plugins/squalr-plugin-memory-view-dolphin"
purpose "product"
ordinal 0
request path "../../squalr-engine-api"
alias none
resolved-alias "squalr_engine_api"
selected
source
name "squalr-engine-api"
lineage external-local "6485e0de25245c920006a3d47b6b4b7705980fe51b8aab8f1405c439fcf2f795" "/home/ubuntu/repos/Squalr-Omega/squalr-engine-api"
resolution external-local "e3bc877892f47c5fb52657ebe59af379282e9e23231bd57393053693e273324d"
edge
requester
name "squalr-plugin-memory-view-dolphin"
lineage external-local "6485e0de25245c920006a3d47b6b4b7705980fe51b8aab8f1405c439fcf2f795" "/home/ubuntu/repos/Squalr-Omega/plugins/squalr-plugin-memory-view-dolphin"
purpose "product"
ordinal 1
request path "../../squalr-engine-targets-native"
alias none
resolved-alias "squalr_engine_targets_native"
selected
source
name "squalr-engine-targets-native"
lineage external-local "6485e0de25245c920006a3d47b6b4b7705980fe51b8aab8f1405c439fcf2f795" "/home/ubuntu/repos/Squalr-Omega/squalr-engine-targets-native"
resolution external-local "bed0eb1f3d162b0303a18285c3a0029ecabe901191add71813327e90a4618d69"
edge
requester
name "squalr-tests"
lineage external-local "6485e0de25245c920006a3d47b6b4b7705980fe51b8aab8f1405c439fcf2f795" "/home/ubuntu/repos/Squalr-Omega/squalr-tests"
purpose "product"
ordinal 0
request path "../squalr-engine"
alias none
resolved-alias "squalr_engine"
selected
source
name "squalr-engine"
lineage external-local "6485e0de25245c920006a3d47b6b4b7705980fe51b8aab8f1405c439fcf2f795" "/home/ubuntu/repos/Squalr-Omega/squalr-engine"
resolution external-local "f8bdf969f75bd051c3bdb857939910a3d0e2cf758614af613a6eea776f1775a3"
edge
requester
name "squalr-tests"
lineage external-local "6485e0de25245c920006a3d47b6b4b7705980fe51b8aab8f1405c439fcf2f795" "/home/ubuntu/repos/Squalr-Omega/squalr-tests"
purpose "product"
ordinal 1
request path "../squalr-engine-api"
alias none
resolved-alias "squalr_engine_api"
selected
source
name "squalr-engine-api"
lineage external-local "6485e0de25245c920006a3d47b6b4b7705980fe51b8aab8f1405c439fcf2f795" "/home/ubuntu/repos/Squalr-Omega/squalr-engine-api"
resolution external-local "e3bc877892f47c5fb52657ebe59af379282e9e23231bd57393053693e273324d"
edge
requester
name "squalr-tests"
lineage external-local "6485e0de25245c920006a3d47b6b4b7705980fe51b8aab8f1405c439fcf2f795" "/home/ubuntu/repos/Squalr-Omega/squalr-tests"
purpose "product"
ordinal 2
request path "../squalr-engine-session"
alias none
resolved-alias "squalr_engine_session"
selected
source
name "squalr-engine-session"
lineage external-local "6485e0de25245c920006a3d47b6b4b7705980fe51b8aab8f1405c439fcf2f795" "/home/ubuntu/repos/Squalr-Omega/squalr-engine-session"
resolution external-local "f56af4fd0f90c000b3e3617904bd82fbbbcfac7c7a795a3c96c9c5106f6b8934"
edge
requester
name "squalr-tests"
lineage external-local "6485e0de25245c920006a3d47b6b4b7705980fe51b8aab8f1405c439fcf2f795" "/home/ubuntu/repos/Squalr-Omega/squalr-tests"
purpose "product"
ordinal 3
request path "../squalr-engine-targets"
alias none
resolved-alias "squalr_engine_targets"
selected
source
name "squalr-engine-targets"
lineage external-local "6485e0de25245c920006a3d47b6b4b7705980fe51b8aab8f1405c439fcf2f795" "/home/ubuntu/repos/Squalr-Omega/squalr-engine-targets"
resolution external-local "6c29f5a8ed5bf894cb99f9cc23c1c037a568e95903c12456db679ce3fac0a03f"
edge
requester
name "squalr-tests"
lineage external-local "6485e0de25245c920006a3d47b6b4b7705980fe51b8aab8f1405c439fcf2f795" "/home/ubuntu/repos/Squalr-Omega/squalr-tests"
purpose "product"
ordinal 4
request git "https://github.com/CathedralOS/Omega.git" "2a8edec522e887a50f0b079c838505b7afc3ac93"
selection named "omega-language-std"
alias none
resolved-alias "omega_language_std"
selected
source
name "omega-language-std"
lineage github "cathedralos" "omega"
resolution git "2a8edec522e887a50f0b079c838505b7afc3ac93" "3b1c6419a16de2d0c56ab5baaa3605c7a24a441a" "8d3f88f5611b45a324e3358f28b6d724c9def466609aeac75bd527e84cabcf02"
end
occurrences 17
occurrence 0 product omega.target-profile.v1:linux_x86_64 omega.target-profile.v1:linux_x86_64
acceptance 8480
acceptance_schema 2
rows 3
row callable
key 918f6e46f5c5f735645149df389ce78fab7e3a6af6bc4b944c21cd106ebc103e
meaning 4602
omega_package_policy_row_text 1
field binary_format {
  fixed "OMEGA-PACKAGE-POLICY-ROW\x00"
}
field row_schema {
  u16 2
}
field baseline_schema {
  u16 7
}
field package {
  digest c6547733e51e9d2fb1194398fdfa2c095cf5fa599e30c2b642f1b2aa2a63167d
}
field target {
  string "omega.target-profile.v1:linux_x86_64"
}
field kind {
  tag callable 8
}
field initial_requires_decision {
  bool true
}
field update_requires_decision {
  bool true
}
field audit_recommended_when_present {
  bool true
}
field audit_recommended_on_change {
  bool true
}
field value {
  field role {
    tag private_external 4
  }
  field identity {
    field owner {
      tag package 0
      field package {
        digest c6547733e51e9d2fb1194398fdfa2c095cf5fa599e30c2b642f1b2aa2a63167d
      }
    }
    field path {
      string "20:conformance-callable32:ConsoleNativeProvider::read_byte85:named-callable(path(ConsoleNativeProvider::read_byte),parameters(),result-dispatch())32:ConsoleNativeProvider::read_byte7:machine172:11:result-type154:14:signature-type126:named(name(nominal\\(package-owner\\(32:c6547733e51e9d2fb1194398fdfa2c095cf5fa599e30c2b642f1b2aa2a63167d\\)\\,path\\(ByteRead\\)\\)))5:named"
    }
  }
  field supply {
    field supply {
      tag external_realization 4
    }
  }
  field spelling {
    option none
  }
  field lifetime_parameter_count {
    u64 0
  }
  field type_parameters {
    sequence 0 {
    }
  }
  field conformance_bounds {
    sequence 0 {
    }
  }
  field parameters {
    sequence 0 {
    }
  }
  field return_type {
    option some {
      field canonical {
        string "14:signature-type126:named(name(nominal\\(package-owner\\(32:c6547733e51e9d2fb1194398fdfa2c095cf5fa599e30c2b642f1b2aa2a63167d\\)\\,path\\(ByteRead\\)\\)))5:named"
      }
    }
  }
  field conformances {
    sequence 1 {
      item {
        field trait {
          field owner {
            tag package 0
            field package {
              digest c6547733e51e9d2fb1194398fdfa2c095cf5fa599e30c2b642f1b2aa2a63167d
            }
          }
          field path {
            string "Console"
          }
        }
        field requirement {
          field owner {
            tag package 0
            field package {
              digest c6547733e51e9d2fb1194398fdfa2c095cf5fa599e30c2b642f1b2aa2a63167d
            }
          }
          field path {
            string "named-callable(path(Console::read_byte),parameters(),result-dispatch())"
          }
        }
        field requirement_lifetime_partition {
          sequence 0 {
          }
        }
        field trait_lifetime_arguments {
          sequence 0 {
          }
        }
        field arguments {
          sequence 0 {
          }
        }
        field alias {
          option none
        }
      }
    }
  }
  field operator_realizations {
    sequence 0 {
    }
  }
  field contracts {
    sequence 0 {
    }
  }
  field declared_service_reach {
    option some {
      sequence 0 {
      }
    }
  }
  field service_reach_dependency {
    field concrete {
      sequence 0 {
      }
    }
    field parameters {
      sequence 0 {
      }
    }
  }
  field checked_service_reach {
    tag no_checked_body 0
  }
  field unresolved_installation_reaches {
    sequence 0 {
    }
  }
  field declared_synchronous_invocations {
    option some {
      sequence 0 {
      }
    }
  }
  field realized_synchronous_invocations {
    sequence 0 {
    }
  }
  field capability_flows {
    sequence 0 {
    }
  }
  field reachable_capability_flows {
    sequence 0 {
    }
  }
  field declared_may_suspend {
    option some {
      bool false
    }
  }
  field declared_may_block {
    option some {
      bool true
    }
  }
  field declared_termination {
    option some {
      tag no_guarantee 0
    }
  }
  field checked_may_suspend {
    bool false
  }
  field checked_may_block {
    bool true
  }
  field checked_termination {
    tag no_guarantee 0
  }
  field checked_crash {
    field interface {
      tag published_ceiling 1
    }
    field published {
      sequence 1 {
        item {
          field cause {
            tag trap 0
          }
          field alternative_guards {
            sequence 1 {
              item {
                tag truth 0
              }
            }
          }
        }
      }
    }
    field structural_runtime_requirements {
      option some {
        sequence 0 {
        }
      }
    }
    field inferred {
      tag unknown 0
    }
  }
  field mutation {
    field completeness {
      tag complete 0
    }
    field paths {
      sequence 0 {
      }
    }
  }
}
row external_supply
key 918f6e46f5c5f735645149df389ce78fab7e3a6af6bc4b944c21cd106ebc103e
meaning 2689
omega_package_policy_row_text 1
field binary_format {
  fixed "OMEGA-PACKAGE-POLICY-ROW\x00"
}
field row_schema {
  u16 2
}
field baseline_schema {
  u16 7
}
field package {
  digest c6547733e51e9d2fb1194398fdfa2c095cf5fa599e30c2b642f1b2aa2a63167d
}
field target {
  string "omega.target-profile.v1:linux_x86_64"
}
field kind {
  tag external_supply 17
}
field initial_requires_decision {
  bool true
}
field update_requires_decision {
  bool true
}
field audit_recommended_when_present {
  bool true
}
field audit_recommended_on_change {
  bool true
}
field value {
  field callable {
    field owner {
      tag package 0
      field package {
        digest c6547733e51e9d2fb1194398fdfa2c095cf5fa599e30c2b642f1b2aa2a63167d
      }
    }
    field path {
      string "20:conformance-callable32:ConsoleNativeProvider::read_byte85:named-callable(path(ConsoleNativeProvider::read_byte),parameters(),result-dispatch())32:ConsoleNativeProvider::read_byte7:machine172:11:result-type154:14:signature-type126:named(name(nominal\\(package-owner\\(32:c6547733e51e9d2fb1194398fdfa2c095cf5fa599e30c2b642f1b2aa2a63167d\\)\\,path\\(ByteRead\\)\\)))5:named"
    }
  }
  field signature {
    field lifetime_parameter_count {
      u64 0
    }
    field static_parameters {
      sequence 0 {
      }
    }
    field conformance_bounds {
      sequence 0 {
      }
    }
    field parameters {
      sequence 0 {
      }
    }
    field return_type {
      option some {
        field canonical {
          string "14:signature-type126:named(name(nominal\\(package-owner\\(32:c6547733e51e9d2fb1194398fdfa2c095cf5fa599e30c2b642f1b2aa2a63167d\\)\\,path\\(ByteRead\\)\\)))5:named"
        }
      }
    }
  }
  field requirement {
    tag trait 0
    field conformance {
      field trait {
        field owner {
          tag package 0
          field package {
            digest c6547733e51e9d2fb1194398fdfa2c095cf5fa599e30c2b642f1b2aa2a63167d
          }
        }
        field path {
          string "Console"
        }
      }
      field requirement {
        field owner {
          tag package 0
          field package {
            digest c6547733e51e9d2fb1194398fdfa2c095cf5fa599e30c2b642f1b2aa2a63167d
          }
        }
        field path {
          string "named-callable(path(Console::read_byte),parameters(),result-dispatch())"
        }
      }
      field requirement_lifetime_partition {
        sequence 0 {
        }
      }
      field trait_lifetime_arguments {
        sequence 0 {
        }
      }
      field arguments {
        sequence 0 {
        }
      }
      field alias {
        option none
      }
    }
  }
  field binding {
    tag compiler_intrinsic 2
  }
}
row dangerous_capability
key abd7936711004936b72341e4dcbb8f3740fc674906441b3739cd8a70dc00204c
meaning 844
omega_package_policy_row_text 1
field binary_format {
  fixed "OMEGA-PACKAGE-POLICY-ROW\x00"
}
field row_schema {
  u16 2
}
field baseline_schema {
  u16 7
}
field package {
  digest c6547733e51e9d2fb1194398fdfa2c095cf5fa599e30c2b642f1b2aa2a63167d
}
field target {
  string "omega.target-profile.v1:linux_x86_64"
}
field kind {
  tag dangerous_capability 18
}
field initial_requires_decision {
  bool true
}
field update_requires_decision {
  bool true
}
field audit_recommended_when_present {
  bool true
}
field audit_recommended_on_change {
  bool true
}
field value {
  field class {
    tag filesystem 0
  }
  field service {
    field owner {
      tag package 0
      field package {
        digest c6547733e51e9d2fb1194398fdfa2c095cf5fa599e30c2b642f1b2aa2a63167d
      }
    }
    field path {
      string "FilesystemHost"
    }
  }
}
end_acceptance
occurrence 1 product omega.target-profile.v1:linux_x86_64 omega.target-profile.v1:linux_x86_64
acceptance 42
acceptance_schema 2
rows 0
end_acceptance
occurrence 2 product omega.target-profile.v1:linux_x86_64 omega.target-profile.v1:linux_x86_64
acceptance 42
acceptance_schema 2
rows 0
end_acceptance
occurrence 3 product omega.target-profile.v1:linux_x86_64 omega.target-profile.v1:linux_x86_64
acceptance 42
acceptance_schema 2
rows 0
end_acceptance
occurrence 4 product omega.target-profile.v1:linux_x86_64 omega.target-profile.v1:linux_x86_64
acceptance 42
acceptance_schema 2
rows 0
end_acceptance
occurrence 5 product omega.target-profile.v1:linux_x86_64 omega.target-profile.v1:linux_x86_64
acceptance 992
acceptance_schema 2
rows 1
row dangerous_capability
key abd7936711004936b72341e4dcbb8f3740fc674906441b3739cd8a70dc00204c
meaning 844
omega_package_policy_row_text 1
field binary_format {
  fixed "OMEGA-PACKAGE-POLICY-ROW\x00"
}
field row_schema {
  u16 2
}
field baseline_schema {
  u16 7
}
field package {
  digest db34f77cca5dac4319bb9eba28bc3a6705060d7cffc58007c243bbc597895e9c
}
field target {
  string "omega.target-profile.v1:linux_x86_64"
}
field kind {
  tag dangerous_capability 18
}
field initial_requires_decision {
  bool true
}
field update_requires_decision {
  bool true
}
field audit_recommended_when_present {
  bool true
}
field audit_recommended_on_change {
  bool true
}
field value {
  field class {
    tag filesystem 0
  }
  field service {
    field owner {
      tag package 0
      field package {
        digest c6547733e51e9d2fb1194398fdfa2c095cf5fa599e30c2b642f1b2aa2a63167d
      }
    }
    field path {
      string "FilesystemHost"
    }
  }
}
end_acceptance
occurrence 6 product omega.target-profile.v1:linux_x86_64 omega.target-profile.v1:linux_x86_64
acceptance 42
acceptance_schema 2
rows 0
end_acceptance
occurrence 7 product omega.target-profile.v1:linux_x86_64 omega.target-profile.v1:linux_x86_64
acceptance 992
acceptance_schema 2
rows 1
row dangerous_capability
key abd7936711004936b72341e4dcbb8f3740fc674906441b3739cd8a70dc00204c
meaning 844
omega_package_policy_row_text 1
field binary_format {
  fixed "OMEGA-PACKAGE-POLICY-ROW\x00"
}
field row_schema {
  u16 2
}
field baseline_schema {
  u16 7
}
field package {
  digest d379aa8f32a53a0f3857c3d40b6cbcdd3bcf22c9220bd1a41b3786a460bfc6ac
}
field target {
  string "omega.target-profile.v1:linux_x86_64"
}
field kind {
  tag dangerous_capability 18
}
field initial_requires_decision {
  bool true
}
field update_requires_decision {
  bool true
}
field audit_recommended_when_present {
  bool true
}
field audit_recommended_on_change {
  bool true
}
field value {
  field class {
    tag filesystem 0
  }
  field service {
    field owner {
      tag package 0
      field package {
        digest c6547733e51e9d2fb1194398fdfa2c095cf5fa599e30c2b642f1b2aa2a63167d
      }
    }
    field path {
      string "FilesystemHost"
    }
  }
}
end_acceptance
occurrence 8 product omega.target-profile.v1:linux_x86_64 omega.target-profile.v1:linux_x86_64
acceptance 42
acceptance_schema 2
rows 0
end_acceptance
occurrence 9 product omega.target-profile.v1:linux_x86_64 omega.target-profile.v1:linux_x86_64
acceptance 42
acceptance_schema 2
rows 0
end_acceptance
occurrence 10 product omega.target-profile.v1:linux_x86_64 omega.target-profile.v1:linux_x86_64
acceptance 42
acceptance_schema 2
rows 0
end_acceptance
occurrence 11 product omega.target-profile.v1:linux_x86_64 omega.target-profile.v1:linux_x86_64
acceptance 42
acceptance_schema 2
rows 0
end_acceptance
occurrence 12 product omega.target-profile.v1:linux_x86_64 omega.target-profile.v1:linux_x86_64
acceptance 42
acceptance_schema 2
rows 0
end_acceptance
occurrence 13 product omega.target-profile.v1:linux_x86_64 omega.target-profile.v1:linux_x86_64
acceptance 42
acceptance_schema 2
rows 0
end_acceptance
occurrence 14 product omega.target-profile.v1:linux_x86_64 omega.target-profile.v1:linux_x86_64
acceptance 42
acceptance_schema 2
rows 0
end_acceptance
occurrence 15 product omega.target-profile.v1:linux_x86_64 omega.target-profile.v1:linux_x86_64
acceptance 42
acceptance_schema 2
rows 0
end_acceptance
occurrence 16 product omega.target-profile.v1:linux_x86_64 omega.target-profile.v1:linux_x86_64
acceptance 4280
acceptance_schema 2
rows 3
row terminal_permission
key 2aff7f8be484ecfe2666b9a59d259698cfc1d7a3dc00f67d3977628ece6a0514
meaning 1334
omega_package_policy_row_text 1
field binary_format {
  fixed "OMEGA-PACKAGE-POLICY-ROW\x00"
}
field row_schema {
  u16 2
}
field baseline_schema {
  u16 7
}
field package {
  digest 5f238f69e11cf6c6141f631762e9011cc7f86b244dcb4527bce5e5284ea4bf06
}
field target {
  string "omega.target-profile.v1:linux_x86_64"
}
field kind {
  tag terminal_permission 11
}
field initial_requires_decision {
  bool true
}
field update_requires_decision {
  bool true
}
field audit_recommended_when_present {
  bool false
}
field audit_recommended_on_change {
  bool false
}
field value {
  field service {
    field owner {
      tag package 0
      field package {
        digest c6547733e51e9d2fb1194398fdfa2c095cf5fa599e30c2b642f1b2aa2a63167d
      }
    }
    field path {
      string "Console"
    }
  }
  field permission {
    field requirement {
      field owner {
        tag package 0
        field package {
          digest c6547733e51e9d2fb1194398fdfa2c095cf5fa599e30c2b642f1b2aa2a63167d
        }
      }
      field path {
        string "named-callable(path(Console::write_byte),parameters(parameter\\(self\\(no\\)\\,mutable\\(no\\)\\,const\\(no\\)\\,named\\(name\\(i32\\)\\)\\)),result-dispatch())"
      }
    }
    field permitted {
      sequence 1 {
        item {
          tag process_output 6
        }
      }
    }
  }
}
row terminal_permission
key 3509151d7f8c644ce398ffe43c93c6bf8eff1680ad2e1e98e601884708f20608
meaning 1245
omega_package_policy_row_text 1
field binary_format {
  fixed "OMEGA-PACKAGE-POLICY-ROW\x00"
}
field row_schema {
  u16 2
}
field baseline_schema {
  u16 7
}
field package {
  digest 5f238f69e11cf6c6141f631762e9011cc7f86b244dcb4527bce5e5284ea4bf06
}
field target {
  string "omega.target-profile.v1:linux_x86_64"
}
field kind {
  tag terminal_permission 11
}
field initial_requires_decision {
  bool true
}
field update_requires_decision {
  bool true
}
field audit_recommended_when_present {
  bool false
}
field audit_recommended_on_change {
  bool false
}
field value {
  field service {
    field owner {
      tag package 0
      field package {
        digest c6547733e51e9d2fb1194398fdfa2c095cf5fa599e30c2b642f1b2aa2a63167d
      }
    }
    field path {
      string "Console"
    }
  }
  field permission {
    field requirement {
      field owner {
        tag package 0
        field package {
          digest c6547733e51e9d2fb1194398fdfa2c095cf5fa599e30c2b642f1b2aa2a63167d
        }
      }
      field path {
        string "named-callable(path(Console::read_byte),parameters(),result-dispatch())"
      }
    }
    field permitted {
      sequence 1 {
        item {
          tag process_input 13
        }
      }
    }
  }
}
row terminal_permission
key 9b2727246b6528fd6ed410a9c4ce87f4fc7a8060488e142a6f76484dfc82dfab
meaning 1341
omega_package_policy_row_text 1
field binary_format {
  fixed "OMEGA-PACKAGE-POLICY-ROW\x00"
}
field row_schema {
  u16 2
}
field baseline_schema {
  u16 7
}
field package {
  digest 5f238f69e11cf6c6141f631762e9011cc7f86b244dcb4527bce5e5284ea4bf06
}
field target {
  string "omega.target-profile.v1:linux_x86_64"
}
field kind {
  tag terminal_permission 11
}
field initial_requires_decision {
  bool true
}
field update_requires_decision {
  bool true
}
field audit_recommended_when_present {
  bool false
}
field audit_recommended_on_change {
  bool false
}
field value {
  field service {
    field owner {
      tag package 0
      field package {
        digest c6547733e51e9d2fb1194398fdfa2c095cf5fa599e30c2b642f1b2aa2a63167d
      }
    }
    field path {
      string "Console"
    }
  }
  field permission {
    field requirement {
      field owner {
        tag package 0
        field package {
          digest c6547733e51e9d2fb1194398fdfa2c095cf5fa599e30c2b642f1b2aa2a63167d
        }
      }
      field path {
        string "named-callable(path(Console::exit_process),parameters(parameter\\(self\\(no\\)\\,mutable\\(no\\)\\,const\\(no\\)\\,named\\(name\\(i32\\)\\)\\)),result-dispatch())"
      }
    }
    field permitted {
      sequence 1 {
        item {
          tag process_termination 7
        }
      }
    }
  }
}
end_acceptance
decisions 263
omega-policy-decisions 2
source db291dcbf6534d2db55202c33501cf696b6d954d03be49d3fd21d53e15482565
baseline b89c0f97500c498a728664f7a9d873e011f407448c3603d3143013f172658285
comparison 66dac682191c3f234321e83fcea19971eafd355a46b4a946fd12d5d21bf6a97e
decisions 0
end
end_target
end
