omega_lock 2
targets 1
target omega.target-profile.v1:macos_arm64
source 34522
omega-source-closure 2
target "omega.target-profile.v1:macos_arm64"
root
role application
request external-local "/Users/zcanann/Documents/Projects/Omega/.codex/worktrees/squalr-current/samples/apps/squalr/squalr-tests" "6485e0de25245c920006a3d47b6b4b7705980fe51b8aab8f1405c439fcf2f795"
selected
source
name "squalr-tests"
lineage external-local "6485e0de25245c920006a3d47b6b4b7705980fe51b8aab8f1405c439fcf2f795" "/Users/zcanann/Documents/Projects/Omega/.codex/worktrees/squalr-current/samples/apps/squalr/squalr-tests"
resolution external-local "1cebf74de7ca224b6e61a3fbb045b3429e16aefc8a6fba8e488aa7e4bfa88a2e"
packages 17
package
source
name "omega-language-std"
lineage github "cathedralos" "omega"
resolution git "87d8b22713ff5e46e535a4b1c62a8b6710d0d1ab" "755a7c1d64b04e0dbfb7bc5d112d4f05633babf5" "aad9a0f7aa8ec4b1a31f8da9244a3e2e60cf11c2fda552c5ebdc18b46e20f008"
navigation member "source/library/std"
authored 0
authored-build 0
package
source
name "squalr-engine"
lineage external-local "6485e0de25245c920006a3d47b6b4b7705980fe51b8aab8f1405c439fcf2f795" "/Users/zcanann/Documents/Projects/Omega/.codex/worktrees/squalr-current/samples/apps/squalr/squalr-engine"
resolution external-local "f8bdf969f75bd051c3bdb857939910a3d0e2cf758614af613a6eea776f1775a3"
navigation root
authored 4
request path "../squalr-engine-api"
alias none
request path "../squalr-engine-session"
alias none
request path "../squalr-engine-projects"
alias none
request path "../squalr-engine-scanning"
alias none
authored-build 0
package
source
name "squalr-engine-api"
lineage external-local "6485e0de25245c920006a3d47b6b4b7705980fe51b8aab8f1405c439fcf2f795" "/Users/zcanann/Documents/Projects/Omega/.codex/worktrees/squalr-current/samples/apps/squalr/squalr-engine-api"
resolution external-local "bdfba4c5e615fddd37338b8f9c44c7e50ccf4000f467f5735d825c86c17736ae"
navigation root
authored 0
authored-build 0
package
source
name "squalr-engine-projects"
lineage external-local "6485e0de25245c920006a3d47b6b4b7705980fe51b8aab8f1405c439fcf2f795" "/Users/zcanann/Documents/Projects/Omega/.codex/worktrees/squalr-current/samples/apps/squalr/squalr-engine-projects"
resolution external-local "7adc1b13e5452c21e3067b429174abe2491bd52120d5d4d33d216c50fcab1970"
navigation root
authored 1
request path "../squalr-engine-api"
alias none
authored-build 0
package
source
name "squalr-engine-scanning"
lineage external-local "6485e0de25245c920006a3d47b6b4b7705980fe51b8aab8f1405c439fcf2f795" "/Users/zcanann/Documents/Projects/Omega/.codex/worktrees/squalr-current/samples/apps/squalr/squalr-engine-scanning"
resolution external-local "0b5c3a08ef5420e0083d160708de681fbf2866ee0fdb269908c7306ae6ce7cbd"
navigation root
authored 1
request path "../squalr-engine-api"
alias none
authored-build 0
package
source
name "squalr-engine-session"
lineage external-local "6485e0de25245c920006a3d47b6b4b7705980fe51b8aab8f1405c439fcf2f795" "/Users/zcanann/Documents/Projects/Omega/.codex/worktrees/squalr-current/samples/apps/squalr/squalr-engine-session"
resolution external-local "354b47e67b00fecd8e4e5c6a0f4ed1505263943d708939acd793a03233f33d16"
navigation root
authored 5
request path "../squalr-engine-api"
alias none
request path "../squalr-engine-projects"
alias none
request path "../squalr-engine-targets"
alias none
request path "../squalr-engine-targets-native"
alias none
request path "../plugins/squalr-plugin-builtins"
alias none
authored-build 0
package
source
name "squalr-engine-targets"
lineage external-local "6485e0de25245c920006a3d47b6b4b7705980fe51b8aab8f1405c439fcf2f795" "/Users/zcanann/Documents/Projects/Omega/.codex/worktrees/squalr-current/samples/apps/squalr/squalr-engine-targets"
resolution external-local "1dd890cba325c7be410b7130ba37e3300f5eed3299dbf920bbd6ee890eb7dce7"
navigation root
authored 1
request path "../squalr-engine-api"
alias none
authored-build 0
package
source
name "squalr-engine-targets-native"
lineage external-local "6485e0de25245c920006a3d47b6b4b7705980fe51b8aab8f1405c439fcf2f795" "/Users/zcanann/Documents/Projects/Omega/.codex/worktrees/squalr-current/samples/apps/squalr/squalr-engine-targets-native"
resolution external-local "3ac30c692dae6de976ab998700d87b176d4a9f8329440707170f6d20509bad57"
navigation root
authored 2
request path "../squalr-engine-api"
alias none
request path "../squalr-engine-targets"
alias none
authored-build 0
package
source
name "squalr-plugin-binary-symbols"
lineage external-local "6485e0de25245c920006a3d47b6b4b7705980fe51b8aab8f1405c439fcf2f795" "/Users/zcanann/Documents/Projects/Omega/.codex/worktrees/squalr-current/samples/apps/squalr/plugins/squalr-plugin-binary-symbols"
resolution external-local "a101d463eedbe5452794bea46b3cfe855e42c021ed192746d41e3f0a52d3fca0"
navigation root
authored 1
request path "../../squalr-engine-api"
alias none
authored-build 0
package
source
name "squalr-plugin-builtins"
lineage external-local "6485e0de25245c920006a3d47b6b4b7705980fe51b8aab8f1405c439fcf2f795" "/Users/zcanann/Documents/Projects/Omega/.codex/worktrees/squalr-current/samples/apps/squalr/plugins/squalr-plugin-builtins"
resolution external-local "21b5aaeafecc8993e84d849c31e850c0428270b119ed137ff16b209f35697362"
navigation root
authored 8
request path "../../squalr-engine-api"
alias none
request path "../squalr-plugin-data-types-24bit"
alias none
request path "../squalr-plugin-instructions-arm"
alias none
request path "../squalr-plugin-instructions-powerpc"
alias none
request path "../squalr-plugin-instructions-x86"
alias none
request path "../squalr-plugin-memory-view-dolphin"
alias none
request path "../squalr-plugin-binary-symbols"
alias none
request path "../squalr-plugin-debuggers-native"
alias none
authored-build 0
package
source
name "squalr-plugin-data-types-24bit"
lineage external-local "6485e0de25245c920006a3d47b6b4b7705980fe51b8aab8f1405c439fcf2f795" "/Users/zcanann/Documents/Projects/Omega/.codex/worktrees/squalr-current/samples/apps/squalr/plugins/squalr-plugin-data-types-24bit"
resolution external-local "820f3db836b8ed8e4ec576f1bdd6ea55e0ee794ac530ba6083dce5db166343e9"
navigation root
authored 1
request path "../../squalr-engine-api"
alias none
authored-build 0
package
source
name "squalr-plugin-debuggers-native"
lineage external-local "6485e0de25245c920006a3d47b6b4b7705980fe51b8aab8f1405c439fcf2f795" "/Users/zcanann/Documents/Projects/Omega/.codex/worktrees/squalr-current/samples/apps/squalr/plugins/squalr-plugin-debuggers-native"
resolution external-local "110dbd1554d7e088c4029d28ff075d6e9b3ab2dc6d5fbd86b3f9c970acca4797"
navigation root
authored 1
request path "../../squalr-engine-api"
alias none
authored-build 0
package
source
name "squalr-plugin-instructions-arm"
lineage external-local "6485e0de25245c920006a3d47b6b4b7705980fe51b8aab8f1405c439fcf2f795" "/Users/zcanann/Documents/Projects/Omega/.codex/worktrees/squalr-current/samples/apps/squalr/plugins/squalr-plugin-instructions-arm"
resolution external-local "e95fa1f9744e453019437bc703e91b0d75cc82908c3fbb21f1951463a7e19245"
navigation root
authored 1
request path "../../squalr-engine-api"
alias none
authored-build 0
package
source
name "squalr-plugin-instructions-powerpc"
lineage external-local "6485e0de25245c920006a3d47b6b4b7705980fe51b8aab8f1405c439fcf2f795" "/Users/zcanann/Documents/Projects/Omega/.codex/worktrees/squalr-current/samples/apps/squalr/plugins/squalr-plugin-instructions-powerpc"
resolution external-local "ec62e78a25e7cb8fb2a55365f8e2d12d65490d494d88dcdcf06d343adfb6fb4f"
navigation root
authored 1
request path "../../squalr-engine-api"
alias none
authored-build 0
package
source
name "squalr-plugin-instructions-x86"
lineage external-local "6485e0de25245c920006a3d47b6b4b7705980fe51b8aab8f1405c439fcf2f795" "/Users/zcanann/Documents/Projects/Omega/.codex/worktrees/squalr-current/samples/apps/squalr/plugins/squalr-plugin-instructions-x86"
resolution external-local "63b06e67bbe4b3ef2edef55ff2e87d288346956a7b07675bd61261954067c611"
navigation root
authored 1
request path "../../squalr-engine-api"
alias none
authored-build 0
package
source
name "squalr-plugin-memory-view-dolphin"
lineage external-local "6485e0de25245c920006a3d47b6b4b7705980fe51b8aab8f1405c439fcf2f795" "/Users/zcanann/Documents/Projects/Omega/.codex/worktrees/squalr-current/samples/apps/squalr/plugins/squalr-plugin-memory-view-dolphin"
resolution external-local "fb3d6f53897734c6cda69f2539011c26521d0945546df1618b5b4b6713976642"
navigation root
authored 2
request path "../../squalr-engine-api"
alias none
request path "../../squalr-engine-targets-native"
alias none
authored-build 0
package
source
name "squalr-tests"
lineage external-local "6485e0de25245c920006a3d47b6b4b7705980fe51b8aab8f1405c439fcf2f795" "/Users/zcanann/Documents/Projects/Omega/.codex/worktrees/squalr-current/samples/apps/squalr/squalr-tests"
resolution external-local "1cebf74de7ca224b6e61a3fbb045b3429e16aefc8a6fba8e488aa7e4bfa88a2e"
navigation root
authored 5
request path "../squalr-engine"
alias none
request path "../squalr-engine-api"
alias none
request path "../squalr-engine-session"
alias none
request path "../squalr-engine-targets"
alias none
request git "https://github.com/CathedralOS/Omega.git" "87d8b22713ff5e46e535a4b1c62a8b6710d0d1ab"
selection named "omega-language-std"
alias none
authored-build 0
edges 35
edge
requester
name "squalr-engine"
lineage external-local "6485e0de25245c920006a3d47b6b4b7705980fe51b8aab8f1405c439fcf2f795" "/Users/zcanann/Documents/Projects/Omega/.codex/worktrees/squalr-current/samples/apps/squalr/squalr-engine"
purpose "product"
ordinal 0
request path "../squalr-engine-api"
alias none
resolved-alias "squalr_engine_api"
selected
source
name "squalr-engine-api"
lineage external-local "6485e0de25245c920006a3d47b6b4b7705980fe51b8aab8f1405c439fcf2f795" "/Users/zcanann/Documents/Projects/Omega/.codex/worktrees/squalr-current/samples/apps/squalr/squalr-engine-api"
resolution external-local "bdfba4c5e615fddd37338b8f9c44c7e50ccf4000f467f5735d825c86c17736ae"
edge
requester
name "squalr-engine"
lineage external-local "6485e0de25245c920006a3d47b6b4b7705980fe51b8aab8f1405c439fcf2f795" "/Users/zcanann/Documents/Projects/Omega/.codex/worktrees/squalr-current/samples/apps/squalr/squalr-engine"
purpose "product"
ordinal 1
request path "../squalr-engine-session"
alias none
resolved-alias "squalr_engine_session"
selected
source
name "squalr-engine-session"
lineage external-local "6485e0de25245c920006a3d47b6b4b7705980fe51b8aab8f1405c439fcf2f795" "/Users/zcanann/Documents/Projects/Omega/.codex/worktrees/squalr-current/samples/apps/squalr/squalr-engine-session"
resolution external-local "354b47e67b00fecd8e4e5c6a0f4ed1505263943d708939acd793a03233f33d16"
edge
requester
name "squalr-engine"
lineage external-local "6485e0de25245c920006a3d47b6b4b7705980fe51b8aab8f1405c439fcf2f795" "/Users/zcanann/Documents/Projects/Omega/.codex/worktrees/squalr-current/samples/apps/squalr/squalr-engine"
purpose "product"
ordinal 2
request path "../squalr-engine-projects"
alias none
resolved-alias "squalr_engine_projects"
selected
source
name "squalr-engine-projects"
lineage external-local "6485e0de25245c920006a3d47b6b4b7705980fe51b8aab8f1405c439fcf2f795" "/Users/zcanann/Documents/Projects/Omega/.codex/worktrees/squalr-current/samples/apps/squalr/squalr-engine-projects"
resolution external-local "7adc1b13e5452c21e3067b429174abe2491bd52120d5d4d33d216c50fcab1970"
edge
requester
name "squalr-engine"
lineage external-local "6485e0de25245c920006a3d47b6b4b7705980fe51b8aab8f1405c439fcf2f795" "/Users/zcanann/Documents/Projects/Omega/.codex/worktrees/squalr-current/samples/apps/squalr/squalr-engine"
purpose "product"
ordinal 3
request path "../squalr-engine-scanning"
alias none
resolved-alias "squalr_engine_scanning"
selected
source
name "squalr-engine-scanning"
lineage external-local "6485e0de25245c920006a3d47b6b4b7705980fe51b8aab8f1405c439fcf2f795" "/Users/zcanann/Documents/Projects/Omega/.codex/worktrees/squalr-current/samples/apps/squalr/squalr-engine-scanning"
resolution external-local "0b5c3a08ef5420e0083d160708de681fbf2866ee0fdb269908c7306ae6ce7cbd"
edge
requester
name "squalr-engine-projects"
lineage external-local "6485e0de25245c920006a3d47b6b4b7705980fe51b8aab8f1405c439fcf2f795" "/Users/zcanann/Documents/Projects/Omega/.codex/worktrees/squalr-current/samples/apps/squalr/squalr-engine-projects"
purpose "product"
ordinal 0
request path "../squalr-engine-api"
alias none
resolved-alias "squalr_engine_api"
selected
source
name "squalr-engine-api"
lineage external-local "6485e0de25245c920006a3d47b6b4b7705980fe51b8aab8f1405c439fcf2f795" "/Users/zcanann/Documents/Projects/Omega/.codex/worktrees/squalr-current/samples/apps/squalr/squalr-engine-api"
resolution external-local "bdfba4c5e615fddd37338b8f9c44c7e50ccf4000f467f5735d825c86c17736ae"
edge
requester
name "squalr-engine-scanning"
lineage external-local "6485e0de25245c920006a3d47b6b4b7705980fe51b8aab8f1405c439fcf2f795" "/Users/zcanann/Documents/Projects/Omega/.codex/worktrees/squalr-current/samples/apps/squalr/squalr-engine-scanning"
purpose "product"
ordinal 0
request path "../squalr-engine-api"
alias none
resolved-alias "squalr_engine_api"
selected
source
name "squalr-engine-api"
lineage external-local "6485e0de25245c920006a3d47b6b4b7705980fe51b8aab8f1405c439fcf2f795" "/Users/zcanann/Documents/Projects/Omega/.codex/worktrees/squalr-current/samples/apps/squalr/squalr-engine-api"
resolution external-local "bdfba4c5e615fddd37338b8f9c44c7e50ccf4000f467f5735d825c86c17736ae"
edge
requester
name "squalr-engine-session"
lineage external-local "6485e0de25245c920006a3d47b6b4b7705980fe51b8aab8f1405c439fcf2f795" "/Users/zcanann/Documents/Projects/Omega/.codex/worktrees/squalr-current/samples/apps/squalr/squalr-engine-session"
purpose "product"
ordinal 0
request path "../squalr-engine-api"
alias none
resolved-alias "squalr_engine_api"
selected
source
name "squalr-engine-api"
lineage external-local "6485e0de25245c920006a3d47b6b4b7705980fe51b8aab8f1405c439fcf2f795" "/Users/zcanann/Documents/Projects/Omega/.codex/worktrees/squalr-current/samples/apps/squalr/squalr-engine-api"
resolution external-local "bdfba4c5e615fddd37338b8f9c44c7e50ccf4000f467f5735d825c86c17736ae"
edge
requester
name "squalr-engine-session"
lineage external-local "6485e0de25245c920006a3d47b6b4b7705980fe51b8aab8f1405c439fcf2f795" "/Users/zcanann/Documents/Projects/Omega/.codex/worktrees/squalr-current/samples/apps/squalr/squalr-engine-session"
purpose "product"
ordinal 1
request path "../squalr-engine-projects"
alias none
resolved-alias "squalr_engine_projects"
selected
source
name "squalr-engine-projects"
lineage external-local "6485e0de25245c920006a3d47b6b4b7705980fe51b8aab8f1405c439fcf2f795" "/Users/zcanann/Documents/Projects/Omega/.codex/worktrees/squalr-current/samples/apps/squalr/squalr-engine-projects"
resolution external-local "7adc1b13e5452c21e3067b429174abe2491bd52120d5d4d33d216c50fcab1970"
edge
requester
name "squalr-engine-session"
lineage external-local "6485e0de25245c920006a3d47b6b4b7705980fe51b8aab8f1405c439fcf2f795" "/Users/zcanann/Documents/Projects/Omega/.codex/worktrees/squalr-current/samples/apps/squalr/squalr-engine-session"
purpose "product"
ordinal 2
request path "../squalr-engine-targets"
alias none
resolved-alias "squalr_engine_targets"
selected
source
name "squalr-engine-targets"
lineage external-local "6485e0de25245c920006a3d47b6b4b7705980fe51b8aab8f1405c439fcf2f795" "/Users/zcanann/Documents/Projects/Omega/.codex/worktrees/squalr-current/samples/apps/squalr/squalr-engine-targets"
resolution external-local "1dd890cba325c7be410b7130ba37e3300f5eed3299dbf920bbd6ee890eb7dce7"
edge
requester
name "squalr-engine-session"
lineage external-local "6485e0de25245c920006a3d47b6b4b7705980fe51b8aab8f1405c439fcf2f795" "/Users/zcanann/Documents/Projects/Omega/.codex/worktrees/squalr-current/samples/apps/squalr/squalr-engine-session"
purpose "product"
ordinal 3
request path "../squalr-engine-targets-native"
alias none
resolved-alias "squalr_engine_targets_native"
selected
source
name "squalr-engine-targets-native"
lineage external-local "6485e0de25245c920006a3d47b6b4b7705980fe51b8aab8f1405c439fcf2f795" "/Users/zcanann/Documents/Projects/Omega/.codex/worktrees/squalr-current/samples/apps/squalr/squalr-engine-targets-native"
resolution external-local "3ac30c692dae6de976ab998700d87b176d4a9f8329440707170f6d20509bad57"
edge
requester
name "squalr-engine-session"
lineage external-local "6485e0de25245c920006a3d47b6b4b7705980fe51b8aab8f1405c439fcf2f795" "/Users/zcanann/Documents/Projects/Omega/.codex/worktrees/squalr-current/samples/apps/squalr/squalr-engine-session"
purpose "product"
ordinal 4
request path "../plugins/squalr-plugin-builtins"
alias none
resolved-alias "squalr_plugin_builtins"
selected
source
name "squalr-plugin-builtins"
lineage external-local "6485e0de25245c920006a3d47b6b4b7705980fe51b8aab8f1405c439fcf2f795" "/Users/zcanann/Documents/Projects/Omega/.codex/worktrees/squalr-current/samples/apps/squalr/plugins/squalr-plugin-builtins"
resolution external-local "21b5aaeafecc8993e84d849c31e850c0428270b119ed137ff16b209f35697362"
edge
requester
name "squalr-engine-targets"
lineage external-local "6485e0de25245c920006a3d47b6b4b7705980fe51b8aab8f1405c439fcf2f795" "/Users/zcanann/Documents/Projects/Omega/.codex/worktrees/squalr-current/samples/apps/squalr/squalr-engine-targets"
purpose "product"
ordinal 0
request path "../squalr-engine-api"
alias none
resolved-alias "squalr_engine_api"
selected
source
name "squalr-engine-api"
lineage external-local "6485e0de25245c920006a3d47b6b4b7705980fe51b8aab8f1405c439fcf2f795" "/Users/zcanann/Documents/Projects/Omega/.codex/worktrees/squalr-current/samples/apps/squalr/squalr-engine-api"
resolution external-local "bdfba4c5e615fddd37338b8f9c44c7e50ccf4000f467f5735d825c86c17736ae"
edge
requester
name "squalr-engine-targets-native"
lineage external-local "6485e0de25245c920006a3d47b6b4b7705980fe51b8aab8f1405c439fcf2f795" "/Users/zcanann/Documents/Projects/Omega/.codex/worktrees/squalr-current/samples/apps/squalr/squalr-engine-targets-native"
purpose "product"
ordinal 0
request path "../squalr-engine-api"
alias none
resolved-alias "squalr_engine_api"
selected
source
name "squalr-engine-api"
lineage external-local "6485e0de25245c920006a3d47b6b4b7705980fe51b8aab8f1405c439fcf2f795" "/Users/zcanann/Documents/Projects/Omega/.codex/worktrees/squalr-current/samples/apps/squalr/squalr-engine-api"
resolution external-local "bdfba4c5e615fddd37338b8f9c44c7e50ccf4000f467f5735d825c86c17736ae"
edge
requester
name "squalr-engine-targets-native"
lineage external-local "6485e0de25245c920006a3d47b6b4b7705980fe51b8aab8f1405c439fcf2f795" "/Users/zcanann/Documents/Projects/Omega/.codex/worktrees/squalr-current/samples/apps/squalr/squalr-engine-targets-native"
purpose "product"
ordinal 1
request path "../squalr-engine-targets"
alias none
resolved-alias "squalr_engine_targets"
selected
source
name "squalr-engine-targets"
lineage external-local "6485e0de25245c920006a3d47b6b4b7705980fe51b8aab8f1405c439fcf2f795" "/Users/zcanann/Documents/Projects/Omega/.codex/worktrees/squalr-current/samples/apps/squalr/squalr-engine-targets"
resolution external-local "1dd890cba325c7be410b7130ba37e3300f5eed3299dbf920bbd6ee890eb7dce7"
edge
requester
name "squalr-plugin-binary-symbols"
lineage external-local "6485e0de25245c920006a3d47b6b4b7705980fe51b8aab8f1405c439fcf2f795" "/Users/zcanann/Documents/Projects/Omega/.codex/worktrees/squalr-current/samples/apps/squalr/plugins/squalr-plugin-binary-symbols"
purpose "product"
ordinal 0
request path "../../squalr-engine-api"
alias none
resolved-alias "squalr_engine_api"
selected
source
name "squalr-engine-api"
lineage external-local "6485e0de25245c920006a3d47b6b4b7705980fe51b8aab8f1405c439fcf2f795" "/Users/zcanann/Documents/Projects/Omega/.codex/worktrees/squalr-current/samples/apps/squalr/squalr-engine-api"
resolution external-local "bdfba4c5e615fddd37338b8f9c44c7e50ccf4000f467f5735d825c86c17736ae"
edge
requester
name "squalr-plugin-builtins"
lineage external-local "6485e0de25245c920006a3d47b6b4b7705980fe51b8aab8f1405c439fcf2f795" "/Users/zcanann/Documents/Projects/Omega/.codex/worktrees/squalr-current/samples/apps/squalr/plugins/squalr-plugin-builtins"
purpose "product"
ordinal 0
request path "../../squalr-engine-api"
alias none
resolved-alias "squalr_engine_api"
selected
source
name "squalr-engine-api"
lineage external-local "6485e0de25245c920006a3d47b6b4b7705980fe51b8aab8f1405c439fcf2f795" "/Users/zcanann/Documents/Projects/Omega/.codex/worktrees/squalr-current/samples/apps/squalr/squalr-engine-api"
resolution external-local "bdfba4c5e615fddd37338b8f9c44c7e50ccf4000f467f5735d825c86c17736ae"
edge
requester
name "squalr-plugin-builtins"
lineage external-local "6485e0de25245c920006a3d47b6b4b7705980fe51b8aab8f1405c439fcf2f795" "/Users/zcanann/Documents/Projects/Omega/.codex/worktrees/squalr-current/samples/apps/squalr/plugins/squalr-plugin-builtins"
purpose "product"
ordinal 1
request path "../squalr-plugin-data-types-24bit"
alias none
resolved-alias "squalr_plugin_data_types_24bit"
selected
source
name "squalr-plugin-data-types-24bit"
lineage external-local "6485e0de25245c920006a3d47b6b4b7705980fe51b8aab8f1405c439fcf2f795" "/Users/zcanann/Documents/Projects/Omega/.codex/worktrees/squalr-current/samples/apps/squalr/plugins/squalr-plugin-data-types-24bit"
resolution external-local "820f3db836b8ed8e4ec576f1bdd6ea55e0ee794ac530ba6083dce5db166343e9"
edge
requester
name "squalr-plugin-builtins"
lineage external-local "6485e0de25245c920006a3d47b6b4b7705980fe51b8aab8f1405c439fcf2f795" "/Users/zcanann/Documents/Projects/Omega/.codex/worktrees/squalr-current/samples/apps/squalr/plugins/squalr-plugin-builtins"
purpose "product"
ordinal 2
request path "../squalr-plugin-instructions-arm"
alias none
resolved-alias "squalr_plugin_instructions_arm"
selected
source
name "squalr-plugin-instructions-arm"
lineage external-local "6485e0de25245c920006a3d47b6b4b7705980fe51b8aab8f1405c439fcf2f795" "/Users/zcanann/Documents/Projects/Omega/.codex/worktrees/squalr-current/samples/apps/squalr/plugins/squalr-plugin-instructions-arm"
resolution external-local "e95fa1f9744e453019437bc703e91b0d75cc82908c3fbb21f1951463a7e19245"
edge
requester
name "squalr-plugin-builtins"
lineage external-local "6485e0de25245c920006a3d47b6b4b7705980fe51b8aab8f1405c439fcf2f795" "/Users/zcanann/Documents/Projects/Omega/.codex/worktrees/squalr-current/samples/apps/squalr/plugins/squalr-plugin-builtins"
purpose "product"
ordinal 3
request path "../squalr-plugin-instructions-powerpc"
alias none
resolved-alias "squalr_plugin_instructions_powerpc"
selected
source
name "squalr-plugin-instructions-powerpc"
lineage external-local "6485e0de25245c920006a3d47b6b4b7705980fe51b8aab8f1405c439fcf2f795" "/Users/zcanann/Documents/Projects/Omega/.codex/worktrees/squalr-current/samples/apps/squalr/plugins/squalr-plugin-instructions-powerpc"
resolution external-local "ec62e78a25e7cb8fb2a55365f8e2d12d65490d494d88dcdcf06d343adfb6fb4f"
edge
requester
name "squalr-plugin-builtins"
lineage external-local "6485e0de25245c920006a3d47b6b4b7705980fe51b8aab8f1405c439fcf2f795" "/Users/zcanann/Documents/Projects/Omega/.codex/worktrees/squalr-current/samples/apps/squalr/plugins/squalr-plugin-builtins"
purpose "product"
ordinal 4
request path "../squalr-plugin-instructions-x86"
alias none
resolved-alias "squalr_plugin_instructions_x86"
selected
source
name "squalr-plugin-instructions-x86"
lineage external-local "6485e0de25245c920006a3d47b6b4b7705980fe51b8aab8f1405c439fcf2f795" "/Users/zcanann/Documents/Projects/Omega/.codex/worktrees/squalr-current/samples/apps/squalr/plugins/squalr-plugin-instructions-x86"
resolution external-local "63b06e67bbe4b3ef2edef55ff2e87d288346956a7b07675bd61261954067c611"
edge
requester
name "squalr-plugin-builtins"
lineage external-local "6485e0de25245c920006a3d47b6b4b7705980fe51b8aab8f1405c439fcf2f795" "/Users/zcanann/Documents/Projects/Omega/.codex/worktrees/squalr-current/samples/apps/squalr/plugins/squalr-plugin-builtins"
purpose "product"
ordinal 5
request path "../squalr-plugin-memory-view-dolphin"
alias none
resolved-alias "squalr_plugin_memory_view_dolphin"
selected
source
name "squalr-plugin-memory-view-dolphin"
lineage external-local "6485e0de25245c920006a3d47b6b4b7705980fe51b8aab8f1405c439fcf2f795" "/Users/zcanann/Documents/Projects/Omega/.codex/worktrees/squalr-current/samples/apps/squalr/plugins/squalr-plugin-memory-view-dolphin"
resolution external-local "fb3d6f53897734c6cda69f2539011c26521d0945546df1618b5b4b6713976642"
edge
requester
name "squalr-plugin-builtins"
lineage external-local "6485e0de25245c920006a3d47b6b4b7705980fe51b8aab8f1405c439fcf2f795" "/Users/zcanann/Documents/Projects/Omega/.codex/worktrees/squalr-current/samples/apps/squalr/plugins/squalr-plugin-builtins"
purpose "product"
ordinal 6
request path "../squalr-plugin-binary-symbols"
alias none
resolved-alias "squalr_plugin_binary_symbols"
selected
source
name "squalr-plugin-binary-symbols"
lineage external-local "6485e0de25245c920006a3d47b6b4b7705980fe51b8aab8f1405c439fcf2f795" "/Users/zcanann/Documents/Projects/Omega/.codex/worktrees/squalr-current/samples/apps/squalr/plugins/squalr-plugin-binary-symbols"
resolution external-local "a101d463eedbe5452794bea46b3cfe855e42c021ed192746d41e3f0a52d3fca0"
edge
requester
name "squalr-plugin-builtins"
lineage external-local "6485e0de25245c920006a3d47b6b4b7705980fe51b8aab8f1405c439fcf2f795" "/Users/zcanann/Documents/Projects/Omega/.codex/worktrees/squalr-current/samples/apps/squalr/plugins/squalr-plugin-builtins"
purpose "product"
ordinal 7
request path "../squalr-plugin-debuggers-native"
alias none
resolved-alias "squalr_plugin_debuggers_native"
selected
source
name "squalr-plugin-debuggers-native"
lineage external-local "6485e0de25245c920006a3d47b6b4b7705980fe51b8aab8f1405c439fcf2f795" "/Users/zcanann/Documents/Projects/Omega/.codex/worktrees/squalr-current/samples/apps/squalr/plugins/squalr-plugin-debuggers-native"
resolution external-local "110dbd1554d7e088c4029d28ff075d6e9b3ab2dc6d5fbd86b3f9c970acca4797"
edge
requester
name "squalr-plugin-data-types-24bit"
lineage external-local "6485e0de25245c920006a3d47b6b4b7705980fe51b8aab8f1405c439fcf2f795" "/Users/zcanann/Documents/Projects/Omega/.codex/worktrees/squalr-current/samples/apps/squalr/plugins/squalr-plugin-data-types-24bit"
purpose "product"
ordinal 0
request path "../../squalr-engine-api"
alias none
resolved-alias "squalr_engine_api"
selected
source
name "squalr-engine-api"
lineage external-local "6485e0de25245c920006a3d47b6b4b7705980fe51b8aab8f1405c439fcf2f795" "/Users/zcanann/Documents/Projects/Omega/.codex/worktrees/squalr-current/samples/apps/squalr/squalr-engine-api"
resolution external-local "bdfba4c5e615fddd37338b8f9c44c7e50ccf4000f467f5735d825c86c17736ae"
edge
requester
name "squalr-plugin-debuggers-native"
lineage external-local "6485e0de25245c920006a3d47b6b4b7705980fe51b8aab8f1405c439fcf2f795" "/Users/zcanann/Documents/Projects/Omega/.codex/worktrees/squalr-current/samples/apps/squalr/plugins/squalr-plugin-debuggers-native"
purpose "product"
ordinal 0
request path "../../squalr-engine-api"
alias none
resolved-alias "squalr_engine_api"
selected
source
name "squalr-engine-api"
lineage external-local "6485e0de25245c920006a3d47b6b4b7705980fe51b8aab8f1405c439fcf2f795" "/Users/zcanann/Documents/Projects/Omega/.codex/worktrees/squalr-current/samples/apps/squalr/squalr-engine-api"
resolution external-local "bdfba4c5e615fddd37338b8f9c44c7e50ccf4000f467f5735d825c86c17736ae"
edge
requester
name "squalr-plugin-instructions-arm"
lineage external-local "6485e0de25245c920006a3d47b6b4b7705980fe51b8aab8f1405c439fcf2f795" "/Users/zcanann/Documents/Projects/Omega/.codex/worktrees/squalr-current/samples/apps/squalr/plugins/squalr-plugin-instructions-arm"
purpose "product"
ordinal 0
request path "../../squalr-engine-api"
alias none
resolved-alias "squalr_engine_api"
selected
source
name "squalr-engine-api"
lineage external-local "6485e0de25245c920006a3d47b6b4b7705980fe51b8aab8f1405c439fcf2f795" "/Users/zcanann/Documents/Projects/Omega/.codex/worktrees/squalr-current/samples/apps/squalr/squalr-engine-api"
resolution external-local "bdfba4c5e615fddd37338b8f9c44c7e50ccf4000f467f5735d825c86c17736ae"
edge
requester
name "squalr-plugin-instructions-powerpc"
lineage external-local "6485e0de25245c920006a3d47b6b4b7705980fe51b8aab8f1405c439fcf2f795" "/Users/zcanann/Documents/Projects/Omega/.codex/worktrees/squalr-current/samples/apps/squalr/plugins/squalr-plugin-instructions-powerpc"
purpose "product"
ordinal 0
request path "../../squalr-engine-api"
alias none
resolved-alias "squalr_engine_api"
selected
source
name "squalr-engine-api"
lineage external-local "6485e0de25245c920006a3d47b6b4b7705980fe51b8aab8f1405c439fcf2f795" "/Users/zcanann/Documents/Projects/Omega/.codex/worktrees/squalr-current/samples/apps/squalr/squalr-engine-api"
resolution external-local "bdfba4c5e615fddd37338b8f9c44c7e50ccf4000f467f5735d825c86c17736ae"
edge
requester
name "squalr-plugin-instructions-x86"
lineage external-local "6485e0de25245c920006a3d47b6b4b7705980fe51b8aab8f1405c439fcf2f795" "/Users/zcanann/Documents/Projects/Omega/.codex/worktrees/squalr-current/samples/apps/squalr/plugins/squalr-plugin-instructions-x86"
purpose "product"
ordinal 0
request path "../../squalr-engine-api"
alias none
resolved-alias "squalr_engine_api"
selected
source
name "squalr-engine-api"
lineage external-local "6485e0de25245c920006a3d47b6b4b7705980fe51b8aab8f1405c439fcf2f795" "/Users/zcanann/Documents/Projects/Omega/.codex/worktrees/squalr-current/samples/apps/squalr/squalr-engine-api"
resolution external-local "bdfba4c5e615fddd37338b8f9c44c7e50ccf4000f467f5735d825c86c17736ae"
edge
requester
name "squalr-plugin-memory-view-dolphin"
lineage external-local "6485e0de25245c920006a3d47b6b4b7705980fe51b8aab8f1405c439fcf2f795" "/Users/zcanann/Documents/Projects/Omega/.codex/worktrees/squalr-current/samples/apps/squalr/plugins/squalr-plugin-memory-view-dolphin"
purpose "product"
ordinal 0
request path "../../squalr-engine-api"
alias none
resolved-alias "squalr_engine_api"
selected
source
name "squalr-engine-api"
lineage external-local "6485e0de25245c920006a3d47b6b4b7705980fe51b8aab8f1405c439fcf2f795" "/Users/zcanann/Documents/Projects/Omega/.codex/worktrees/squalr-current/samples/apps/squalr/squalr-engine-api"
resolution external-local "bdfba4c5e615fddd37338b8f9c44c7e50ccf4000f467f5735d825c86c17736ae"
edge
requester
name "squalr-plugin-memory-view-dolphin"
lineage external-local "6485e0de25245c920006a3d47b6b4b7705980fe51b8aab8f1405c439fcf2f795" "/Users/zcanann/Documents/Projects/Omega/.codex/worktrees/squalr-current/samples/apps/squalr/plugins/squalr-plugin-memory-view-dolphin"
purpose "product"
ordinal 1
request path "../../squalr-engine-targets-native"
alias none
resolved-alias "squalr_engine_targets_native"
selected
source
name "squalr-engine-targets-native"
lineage external-local "6485e0de25245c920006a3d47b6b4b7705980fe51b8aab8f1405c439fcf2f795" "/Users/zcanann/Documents/Projects/Omega/.codex/worktrees/squalr-current/samples/apps/squalr/squalr-engine-targets-native"
resolution external-local "3ac30c692dae6de976ab998700d87b176d4a9f8329440707170f6d20509bad57"
edge
requester
name "squalr-tests"
lineage external-local "6485e0de25245c920006a3d47b6b4b7705980fe51b8aab8f1405c439fcf2f795" "/Users/zcanann/Documents/Projects/Omega/.codex/worktrees/squalr-current/samples/apps/squalr/squalr-tests"
purpose "product"
ordinal 0
request path "../squalr-engine"
alias none
resolved-alias "squalr_engine"
selected
source
name "squalr-engine"
lineage external-local "6485e0de25245c920006a3d47b6b4b7705980fe51b8aab8f1405c439fcf2f795" "/Users/zcanann/Documents/Projects/Omega/.codex/worktrees/squalr-current/samples/apps/squalr/squalr-engine"
resolution external-local "f8bdf969f75bd051c3bdb857939910a3d0e2cf758614af613a6eea776f1775a3"
edge
requester
name "squalr-tests"
lineage external-local "6485e0de25245c920006a3d47b6b4b7705980fe51b8aab8f1405c439fcf2f795" "/Users/zcanann/Documents/Projects/Omega/.codex/worktrees/squalr-current/samples/apps/squalr/squalr-tests"
purpose "product"
ordinal 1
request path "../squalr-engine-api"
alias none
resolved-alias "squalr_engine_api"
selected
source
name "squalr-engine-api"
lineage external-local "6485e0de25245c920006a3d47b6b4b7705980fe51b8aab8f1405c439fcf2f795" "/Users/zcanann/Documents/Projects/Omega/.codex/worktrees/squalr-current/samples/apps/squalr/squalr-engine-api"
resolution external-local "bdfba4c5e615fddd37338b8f9c44c7e50ccf4000f467f5735d825c86c17736ae"
edge
requester
name "squalr-tests"
lineage external-local "6485e0de25245c920006a3d47b6b4b7705980fe51b8aab8f1405c439fcf2f795" "/Users/zcanann/Documents/Projects/Omega/.codex/worktrees/squalr-current/samples/apps/squalr/squalr-tests"
purpose "product"
ordinal 2
request path "../squalr-engine-session"
alias none
resolved-alias "squalr_engine_session"
selected
source
name "squalr-engine-session"
lineage external-local "6485e0de25245c920006a3d47b6b4b7705980fe51b8aab8f1405c439fcf2f795" "/Users/zcanann/Documents/Projects/Omega/.codex/worktrees/squalr-current/samples/apps/squalr/squalr-engine-session"
resolution external-local "354b47e67b00fecd8e4e5c6a0f4ed1505263943d708939acd793a03233f33d16"
edge
requester
name "squalr-tests"
lineage external-local "6485e0de25245c920006a3d47b6b4b7705980fe51b8aab8f1405c439fcf2f795" "/Users/zcanann/Documents/Projects/Omega/.codex/worktrees/squalr-current/samples/apps/squalr/squalr-tests"
purpose "product"
ordinal 3
request path "../squalr-engine-targets"
alias none
resolved-alias "squalr_engine_targets"
selected
source
name "squalr-engine-targets"
lineage external-local "6485e0de25245c920006a3d47b6b4b7705980fe51b8aab8f1405c439fcf2f795" "/Users/zcanann/Documents/Projects/Omega/.codex/worktrees/squalr-current/samples/apps/squalr/squalr-engine-targets"
resolution external-local "1dd890cba325c7be410b7130ba37e3300f5eed3299dbf920bbd6ee890eb7dce7"
edge
requester
name "squalr-tests"
lineage external-local "6485e0de25245c920006a3d47b6b4b7705980fe51b8aab8f1405c439fcf2f795" "/Users/zcanann/Documents/Projects/Omega/.codex/worktrees/squalr-current/samples/apps/squalr/squalr-tests"
purpose "product"
ordinal 4
request git "https://github.com/CathedralOS/Omega.git" "87d8b22713ff5e46e535a4b1c62a8b6710d0d1ab"
selection named "omega-language-std"
alias none
resolved-alias "omega_language_std"
selected
source
name "omega-language-std"
lineage github "cathedralos" "omega"
resolution git "87d8b22713ff5e46e535a4b1c62a8b6710d0d1ab" "755a7c1d64b04e0dbfb7bc5d112d4f05633babf5" "aad9a0f7aa8ec4b1a31f8da9244a3e2e60cf11c2fda552c5ebdc18b46e20f008"
end
acceptances 17
acceptance 8438
acceptance_schema 2
rows 3
row callable
key 918f6e46f5c5f735645149df389ce78fab7e3a6af6bc4b944c21cd106ebc103e
meaning 4562
omega_package_policy_row_text 1
field binary_format {
  fixed "OMEGA-PACKAGE-POLICY-ROW\x00"
}
field row_schema {
  u16 2
}
field baseline_schema {
  u16 4
}
field package {
  digest c6547733e51e9d2fb1194398fdfa2c095cf5fa599e30c2b642f1b2aa2a63167d
}
field target {
  string "omega.target-profile.v1:macos_arm64"
}
field kind {
  tag callable 8
}
field initial_requires_decision {
  bool true
}
field update_requires_decision {
  bool true
}
field audit_recommended_when_present {
  bool true
}
field audit_recommended_on_change {
  bool true
}
field value {
  field role {
    tag private_external 4
  }
  field identity {
    field owner {
      tag package 0
      field package {
        digest c6547733e51e9d2fb1194398fdfa2c095cf5fa599e30c2b642f1b2aa2a63167d
      }
    }
    field path {
      string "20:conformance-callable32:ConsoleNativeProvider::read_byte85:named-callable(path(ConsoleNativeProvider::read_byte),parameters(),result-dispatch())32:ConsoleNativeProvider::read_byte7:machine172:11:result-type154:14:signature-type126:named(name(nominal\\(package-owner\\(32:c6547733e51e9d2fb1194398fdfa2c095cf5fa599e30c2b642f1b2aa2a63167d\\)\\,path\\(ByteRead\\)\\)))5:named"
    }
  }
  field supply {
    field supply {
      tag external_realization 4
    }
  }
  field lifetime_parameter_count {
    u64 0
  }
  field type_parameters {
    sequence 0 {
    }
  }
  field conformance_bounds {
    sequence 0 {
    }
  }
  field parameters {
    sequence 0 {
    }
  }
  field return_type {
    option some {
      field canonical {
        string "14:signature-type126:named(name(nominal\\(package-owner\\(32:c6547733e51e9d2fb1194398fdfa2c095cf5fa599e30c2b642f1b2aa2a63167d\\)\\,path\\(ByteRead\\)\\)))5:named"
      }
    }
  }
  field conformances {
    sequence 1 {
      item {
        field trait {
          field owner {
            tag package 0
            field package {
              digest c6547733e51e9d2fb1194398fdfa2c095cf5fa599e30c2b642f1b2aa2a63167d
            }
          }
          field path {
            string "Console"
          }
        }
        field requirement {
          field owner {
            tag package 0
            field package {
              digest c6547733e51e9d2fb1194398fdfa2c095cf5fa599e30c2b642f1b2aa2a63167d
            }
          }
          field path {
            string "named-callable(path(Console::read_byte),parameters(),result-dispatch())"
          }
        }
        field requirement_lifetime_partition {
          sequence 0 {
          }
        }
        field trait_lifetime_arguments {
          sequence 0 {
          }
        }
        field arguments {
          sequence 0 {
          }
        }
        field alias {
          option none
        }
      }
    }
  }
  field operator_realizations {
    sequence 0 {
    }
  }
  field contracts {
    sequence 0 {
    }
  }
  field declared_service_reach {
    option some {
      sequence 0 {
      }
    }
  }
  field service_reach_dependency {
    field concrete {
      sequence 0 {
      }
    }
    field parameters {
      sequence 0 {
      }
    }
  }
  field checked_service_reach {
    tag no_checked_body 0
  }
  field unresolved_installation_reaches {
    sequence 0 {
    }
  }
  field declared_synchronous_invocations {
    option some {
      sequence 0 {
      }
    }
  }
  field realized_synchronous_invocations {
    sequence 0 {
    }
  }
  field capability_flows {
    sequence 0 {
    }
  }
  field reachable_capability_flows {
    sequence 0 {
    }
  }
  field declared_may_suspend {
    option some {
      bool false
    }
  }
  field declared_may_block {
    option some {
      bool true
    }
  }
  field declared_termination {
    option some {
      tag no_guarantee 0
    }
  }
  field checked_may_suspend {
    bool false
  }
  field checked_may_block {
    bool true
  }
  field checked_termination {
    tag no_guarantee 0
  }
  field checked_crash {
    field interface {
      tag published_ceiling 1
    }
    field published {
      sequence 1 {
        item {
          field cause {
            tag trap 0
          }
          field alternative_guards {
            sequence 1 {
              item {
                tag truth 0
              }
            }
          }
        }
      }
    }
    field structural_runtime_requirements {
      option some {
        sequence 0 {
        }
      }
    }
    field inferred {
      tag unknown 0
    }
  }
  field mutation {
    field completeness {
      tag complete 0
    }
    field paths {
      sequence 0 {
      }
    }
  }
}
row external_supply
key 918f6e46f5c5f735645149df389ce78fab7e3a6af6bc4b944c21cd106ebc103e
meaning 2688
omega_package_policy_row_text 1
field binary_format {
  fixed "OMEGA-PACKAGE-POLICY-ROW\x00"
}
field row_schema {
  u16 2
}
field baseline_schema {
  u16 4
}
field package {
  digest c6547733e51e9d2fb1194398fdfa2c095cf5fa599e30c2b642f1b2aa2a63167d
}
field target {
  string "omega.target-profile.v1:macos_arm64"
}
field kind {
  tag external_supply 17
}
field initial_requires_decision {
  bool true
}
field update_requires_decision {
  bool true
}
field audit_recommended_when_present {
  bool true
}
field audit_recommended_on_change {
  bool true
}
field value {
  field callable {
    field owner {
      tag package 0
      field package {
        digest c6547733e51e9d2fb1194398fdfa2c095cf5fa599e30c2b642f1b2aa2a63167d
      }
    }
    field path {
      string "20:conformance-callable32:ConsoleNativeProvider::read_byte85:named-callable(path(ConsoleNativeProvider::read_byte),parameters(),result-dispatch())32:ConsoleNativeProvider::read_byte7:machine172:11:result-type154:14:signature-type126:named(name(nominal\\(package-owner\\(32:c6547733e51e9d2fb1194398fdfa2c095cf5fa599e30c2b642f1b2aa2a63167d\\)\\,path\\(ByteRead\\)\\)))5:named"
    }
  }
  field signature {
    field lifetime_parameter_count {
      u64 0
    }
    field static_parameters {
      sequence 0 {
      }
    }
    field conformance_bounds {
      sequence 0 {
      }
    }
    field parameters {
      sequence 0 {
      }
    }
    field return_type {
      option some {
        field canonical {
          string "14:signature-type126:named(name(nominal\\(package-owner\\(32:c6547733e51e9d2fb1194398fdfa2c095cf5fa599e30c2b642f1b2aa2a63167d\\)\\,path\\(ByteRead\\)\\)))5:named"
        }
      }
    }
  }
  field requirement {
    tag trait 0
    field conformance {
      field trait {
        field owner {
          tag package 0
          field package {
            digest c6547733e51e9d2fb1194398fdfa2c095cf5fa599e30c2b642f1b2aa2a63167d
          }
        }
        field path {
          string "Console"
        }
      }
      field requirement {
        field owner {
          tag package 0
          field package {
            digest c6547733e51e9d2fb1194398fdfa2c095cf5fa599e30c2b642f1b2aa2a63167d
          }
        }
        field path {
          string "named-callable(path(Console::read_byte),parameters(),result-dispatch())"
        }
      }
      field requirement_lifetime_partition {
        sequence 0 {
        }
      }
      field trait_lifetime_arguments {
        sequence 0 {
        }
      }
      field arguments {
        sequence 0 {
        }
      }
      field alias {
        option none
      }
    }
  }
  field binding {
    tag compiler_intrinsic 2
  }
}
row dangerous_capability
key abd7936711004936b72341e4dcbb8f3740fc674906441b3739cd8a70dc00204c
meaning 843
omega_package_policy_row_text 1
field binary_format {
  fixed "OMEGA-PACKAGE-POLICY-ROW\x00"
}
field row_schema {
  u16 2
}
field baseline_schema {
  u16 4
}
field package {
  digest c6547733e51e9d2fb1194398fdfa2c095cf5fa599e30c2b642f1b2aa2a63167d
}
field target {
  string "omega.target-profile.v1:macos_arm64"
}
field kind {
  tag dangerous_capability 18
}
field initial_requires_decision {
  bool true
}
field update_requires_decision {
  bool true
}
field audit_recommended_when_present {
  bool true
}
field audit_recommended_on_change {
  bool true
}
field value {
  field class {
    tag filesystem 0
  }
  field service {
    field owner {
      tag package 0
      field package {
        digest c6547733e51e9d2fb1194398fdfa2c095cf5fa599e30c2b642f1b2aa2a63167d
      }
    }
    field path {
      string "FilesystemHost"
    }
  }
}
end_acceptance
acceptance 42
acceptance_schema 2
rows 0
end_acceptance
acceptance 42
acceptance_schema 2
rows 0
end_acceptance
acceptance 42
acceptance_schema 2
rows 0
end_acceptance
acceptance 42
acceptance_schema 2
rows 0
end_acceptance
acceptance 42
acceptance_schema 2
rows 0
end_acceptance
acceptance 42
acceptance_schema 2
rows 0
end_acceptance
acceptance 42
acceptance_schema 2
rows 0
end_acceptance
acceptance 42
acceptance_schema 2
rows 0
end_acceptance
acceptance 42
acceptance_schema 2
rows 0
end_acceptance
acceptance 42
acceptance_schema 2
rows 0
end_acceptance
acceptance 42
acceptance_schema 2
rows 0
end_acceptance
acceptance 42
acceptance_schema 2
rows 0
end_acceptance
acceptance 42
acceptance_schema 2
rows 0
end_acceptance
acceptance 42
acceptance_schema 2
rows 0
end_acceptance
acceptance 42
acceptance_schema 2
rows 0
end_acceptance
acceptance 4277
acceptance_schema 2
rows 3
row terminal_permission
key 2aff7f8be484ecfe2666b9a59d259698cfc1d7a3dc00f67d3977628ece6a0514
meaning 1333
omega_package_policy_row_text 1
field binary_format {
  fixed "OMEGA-PACKAGE-POLICY-ROW\x00"
}
field row_schema {
  u16 2
}
field baseline_schema {
  u16 4
}
field package {
  digest af737d05e4cd200fef8197271068eaf5eadd8cf22be3a6b7f02f78d8588c0f3e
}
field target {
  string "omega.target-profile.v1:macos_arm64"
}
field kind {
  tag terminal_permission 11
}
field initial_requires_decision {
  bool true
}
field update_requires_decision {
  bool true
}
field audit_recommended_when_present {
  bool false
}
field audit_recommended_on_change {
  bool false
}
field value {
  field service {
    field owner {
      tag package 0
      field package {
        digest c6547733e51e9d2fb1194398fdfa2c095cf5fa599e30c2b642f1b2aa2a63167d
      }
    }
    field path {
      string "Console"
    }
  }
  field permission {
    field requirement {
      field owner {
        tag package 0
        field package {
          digest c6547733e51e9d2fb1194398fdfa2c095cf5fa599e30c2b642f1b2aa2a63167d
        }
      }
      field path {
        string "named-callable(path(Console::write_byte),parameters(parameter\\(self\\(no\\)\\,mutable\\(no\\)\\,const\\(no\\)\\,named\\(name\\(i32\\)\\)\\)),result-dispatch())"
      }
    }
    field permitted {
      sequence 1 {
        item {
          tag process_output 6
        }
      }
    }
  }
}
row terminal_permission
key 3509151d7f8c644ce398ffe43c93c6bf8eff1680ad2e1e98e601884708f20608
meaning 1244
omega_package_policy_row_text 1
field binary_format {
  fixed "OMEGA-PACKAGE-POLICY-ROW\x00"
}
field row_schema {
  u16 2
}
field baseline_schema {
  u16 4
}
field package {
  digest af737d05e4cd200fef8197271068eaf5eadd8cf22be3a6b7f02f78d8588c0f3e
}
field target {
  string "omega.target-profile.v1:macos_arm64"
}
field kind {
  tag terminal_permission 11
}
field initial_requires_decision {
  bool true
}
field update_requires_decision {
  bool true
}
field audit_recommended_when_present {
  bool false
}
field audit_recommended_on_change {
  bool false
}
field value {
  field service {
    field owner {
      tag package 0
      field package {
        digest c6547733e51e9d2fb1194398fdfa2c095cf5fa599e30c2b642f1b2aa2a63167d
      }
    }
    field path {
      string "Console"
    }
  }
  field permission {
    field requirement {
      field owner {
        tag package 0
        field package {
          digest c6547733e51e9d2fb1194398fdfa2c095cf5fa599e30c2b642f1b2aa2a63167d
        }
      }
      field path {
        string "named-callable(path(Console::read_byte),parameters(),result-dispatch())"
      }
    }
    field permitted {
      sequence 1 {
        item {
          tag process_input 13
        }
      }
    }
  }
}
row terminal_permission
key 9b2727246b6528fd6ed410a9c4ce87f4fc7a8060488e142a6f76484dfc82dfab
meaning 1340
omega_package_policy_row_text 1
field binary_format {
  fixed "OMEGA-PACKAGE-POLICY-ROW\x00"
}
field row_schema {
  u16 2
}
field baseline_schema {
  u16 4
}
field package {
  digest af737d05e4cd200fef8197271068eaf5eadd8cf22be3a6b7f02f78d8588c0f3e
}
field target {
  string "omega.target-profile.v1:macos_arm64"
}
field kind {
  tag terminal_permission 11
}
field initial_requires_decision {
  bool true
}
field update_requires_decision {
  bool true
}
field audit_recommended_when_present {
  bool false
}
field audit_recommended_on_change {
  bool false
}
field value {
  field service {
    field owner {
      tag package 0
      field package {
        digest c6547733e51e9d2fb1194398fdfa2c095cf5fa599e30c2b642f1b2aa2a63167d
      }
    }
    field path {
      string "Console"
    }
  }
  field permission {
    field requirement {
      field owner {
        tag package 0
        field package {
          digest c6547733e51e9d2fb1194398fdfa2c095cf5fa599e30c2b642f1b2aa2a63167d
        }
      }
      field path {
        string "named-callable(path(Console::exit_process),parameters(parameter\\(self\\(no\\)\\,mutable\\(no\\)\\,const\\(no\\)\\,named\\(name\\(i32\\)\\)\\)),result-dispatch())"
      }
    }
    field permitted {
      sequence 1 {
        item {
          tag process_termination 7
        }
      }
    }
  }
}
end_acceptance
decisions 713
omega-policy-decisions 2
source b6b3553070aa363e40101130b85031c59a441d9f25b7659abd768476468f48fd
baseline none
comparison 90d837c1e7d72c2f4551d9c65f98bac434395ecc54a439912b8eb9570fe286c2
decisions 6
decision row 0817092b8921dfe9a3e22a5d6c4446c90c7913e51dd3c2298dba457098a7e00e accept
decision row 0f5459133411c3911df7c1fa77642e7a14b0fb2c90789bf400185e2679763f7e accept
decision row 1e1cf4f6155437b14878f977f28b08d84021a77ac15d599b3a0cb793b2d26e83 accept
decision row 64184ef43e73be296eba199c70e91ef9a03e1b5942101e9ed57228b20e5dab0d accept
decision row 837f564d512b6c5507761b27598b75d9841a54835f947667d5e7f6f8abf1aeeb accept
decision row a92d004989eec44150259e1df629e3a1519a2bd3d1a5a1c5662872605e5f0f61 accept
end
end_target
end
