omega_lock 3
targets 1
target omega.target-profile.v1:linux_x86_64
source 28171
omega-source-closure 2
target "omega.target-profile.v1:linux_x86_64"
root
role package
request external-local "/home/ubuntu/repos/Squalr-Omega/squalr-engine" "6485e0de25245c920006a3d47b6b4b7705980fe51b8aab8f1405c439fcf2f795"
selected
source
name "squalr_engine"
lineage external-local "6485e0de25245c920006a3d47b6b4b7705980fe51b8aab8f1405c439fcf2f795" "/home/ubuntu/repos/Squalr-Omega/squalr-engine"
resolution external-local "c6335d31e7aeec9e881fe5790fedb0f6d650db66be9e287ab9f4b2e9f13f76f1"
packages 16
package
source
name "omega_language_std"
lineage github "cathedralos" "omega"
resolution git "499211f4639bc0f5fb6e86172ed738446d8564f3" "d6bb8a5ba271a71a5c8000d732667269c6777227" "e8d4125c32042b4953eec6abd09c645fd25aa55aa68bc6e235a1bc131344c382"
navigation member "source/library/std"
authored 0
authored-build 0
package
source
name "squalr_engine"
lineage external-local "6485e0de25245c920006a3d47b6b4b7705980fe51b8aab8f1405c439fcf2f795" "/home/ubuntu/repos/Squalr-Omega/squalr-engine"
resolution external-local "c6335d31e7aeec9e881fe5790fedb0f6d650db66be9e287ab9f4b2e9f13f76f1"
navigation root
authored 4
request path "../squalr-engine-api"
alias none
request path "../squalr-engine-session"
alias none
request path "../squalr-engine-projects"
alias none
request path "../squalr-engine-scanning"
alias none
authored-build 0
package
source
name "squalr_engine_api"
lineage external-local "6485e0de25245c920006a3d47b6b4b7705980fe51b8aab8f1405c439fcf2f795" "/home/ubuntu/repos/Squalr-Omega/squalr-engine-api"
resolution external-local "78c5f4af697a2ec76b3963f1786eb5f60f6a59ac2d7cdbb910474fa5ea2cc553"
navigation root
authored 0
authored-build 0
package
source
name "squalr_engine_projects"
lineage external-local "6485e0de25245c920006a3d47b6b4b7705980fe51b8aab8f1405c439fcf2f795" "/home/ubuntu/repos/Squalr-Omega/squalr-engine-projects"
resolution external-local "91e327eb78fab3878674046a690df920b0bec05f7f418afe490b614ae8ca8e45"
navigation root
authored 1
request path "../squalr-engine-api"
alias none
authored-build 0
package
source
name "squalr_engine_scanning"
lineage external-local "6485e0de25245c920006a3d47b6b4b7705980fe51b8aab8f1405c439fcf2f795" "/home/ubuntu/repos/Squalr-Omega/squalr-engine-scanning"
resolution external-local "847e658d92104a0d0484823a778cc2a38f6eb50bc0497a6d3d58c04fb7b63ab8"
navigation root
authored 1
request path "../squalr-engine-api"
alias none
authored-build 0
package
source
name "squalr_engine_session"
lineage external-local "6485e0de25245c920006a3d47b6b4b7705980fe51b8aab8f1405c439fcf2f795" "/home/ubuntu/repos/Squalr-Omega/squalr-engine-session"
resolution external-local "5615b9a287a9476b83a5407fabd3f472a836c211e8c294d0904eac5a1529774a"
navigation root
authored 6
request path "../squalr-engine-api"
alias none
request path "../squalr-engine-projects"
alias none
request path "../squalr-engine-targets"
alias none
request path "../squalr-engine-targets-native"
alias none
request path "../plugins/squalr-plugin-builtins"
alias none
request git "https://github.com/CathedralOS/Omega.git" "499211f4639bc0f5fb6e86172ed738446d8564f3"
selection named "omega_language_std"
alias none
authored-build 0
package
source
name "squalr_engine_targets"
lineage external-local "6485e0de25245c920006a3d47b6b4b7705980fe51b8aab8f1405c439fcf2f795" "/home/ubuntu/repos/Squalr-Omega/squalr-engine-targets"
resolution external-local "576955dbd109aff9d222845501395657bbb50318d5893309ffec52b54945654d"
navigation root
authored 2
request path "../squalr-engine-api"
alias none
request git "https://github.com/CathedralOS/Omega.git" "499211f4639bc0f5fb6e86172ed738446d8564f3"
selection named "omega_language_std"
alias none
authored-build 0
package
source
name "squalr_engine_targets_native"
lineage external-local "6485e0de25245c920006a3d47b6b4b7705980fe51b8aab8f1405c439fcf2f795" "/home/ubuntu/repos/Squalr-Omega/squalr-engine-targets-native"
resolution external-local "3f87fd2f945efb2a2b644a3496d8d8e7cfe1c37e4aa0ef96dfbeb168e2f1812f"
navigation root
authored 3
request path "../squalr-engine-api"
alias none
request path "../squalr-engine-targets"
alias none
request git "https://github.com/CathedralOS/Omega.git" "499211f4639bc0f5fb6e86172ed738446d8564f3"
selection named "omega_language_std"
alias none
authored-build 0
package
source
name "squalr_plugin_binary_symbols"
lineage external-local "6485e0de25245c920006a3d47b6b4b7705980fe51b8aab8f1405c439fcf2f795" "/home/ubuntu/repos/Squalr-Omega/plugins/squalr-plugin-binary-symbols"
resolution external-local "23cf50b93b6d82695f8293ba7fff24ca5698d1fea2b2afcf380ad5edba27bead"
navigation root
authored 1
request path "../../squalr-engine-api"
alias none
authored-build 0
package
source
name "squalr_plugin_builtins"
lineage external-local "6485e0de25245c920006a3d47b6b4b7705980fe51b8aab8f1405c439fcf2f795" "/home/ubuntu/repos/Squalr-Omega/plugins/squalr-plugin-builtins"
resolution external-local "b319c4db6fba124c3da3555c5a694eddd0c2856e3d97b22a04e0940cd05a4754"
navigation root
authored 8
request path "../../squalr-engine-api"
alias none
request path "../squalr-plugin-data-types-24bit"
alias none
request path "../squalr-plugin-instructions-arm"
alias none
request path "../squalr-plugin-instructions-powerpc"
alias none
request path "../squalr-plugin-instructions-x86"
alias none
request path "../squalr-plugin-memory-view-dolphin"
alias none
request path "../squalr-plugin-binary-symbols"
alias none
request path "../squalr-plugin-debuggers-native"
alias none
authored-build 0
package
source
name "squalr_plugin_data_types_24bit"
lineage external-local "6485e0de25245c920006a3d47b6b4b7705980fe51b8aab8f1405c439fcf2f795" "/home/ubuntu/repos/Squalr-Omega/plugins/squalr-plugin-data-types-24bit"
resolution external-local "ca06d678e67c35f22e4a5771c7f96dd7c984f6678d48a577dffcf7eff4d0a7fb"
navigation root
authored 1
request path "../../squalr-engine-api"
alias none
authored-build 0
package
source
name "squalr_plugin_debuggers_native"
lineage external-local "6485e0de25245c920006a3d47b6b4b7705980fe51b8aab8f1405c439fcf2f795" "/home/ubuntu/repos/Squalr-Omega/plugins/squalr-plugin-debuggers-native"
resolution external-local "3f614eb82d9602b345b01c577d2f71f891db13dc8328e516bcbbf04451ecf26f"
navigation root
authored 1
request path "../../squalr-engine-api"
alias none
authored-build 0
package
source
name "squalr_plugin_instructions_arm"
lineage external-local "6485e0de25245c920006a3d47b6b4b7705980fe51b8aab8f1405c439fcf2f795" "/home/ubuntu/repos/Squalr-Omega/plugins/squalr-plugin-instructions-arm"
resolution external-local "c99de65b6a76acb97f7dc224228cb4e085c16237a6989705937de55dbeefdfec"
navigation root
authored 1
request path "../../squalr-engine-api"
alias none
authored-build 0
package
source
name "squalr_plugin_instructions_powerpc"
lineage external-local "6485e0de25245c920006a3d47b6b4b7705980fe51b8aab8f1405c439fcf2f795" "/home/ubuntu/repos/Squalr-Omega/plugins/squalr-plugin-instructions-powerpc"
resolution external-local "4913b405cb094123c7812d46912f1de89bbd2e5e5df2798503962e9cac84419a"
navigation root
authored 1
request path "../../squalr-engine-api"
alias none
authored-build 0
package
source
name "squalr_plugin_instructions_x86"
lineage external-local "6485e0de25245c920006a3d47b6b4b7705980fe51b8aab8f1405c439fcf2f795" "/home/ubuntu/repos/Squalr-Omega/plugins/squalr-plugin-instructions-x86"
resolution external-local "9573711f0a60d17275a4394e7d2d6798a77f7ca0d608a0b51a84887c3536bac8"
navigation root
authored 1
request path "../../squalr-engine-api"
alias none
authored-build 0
package
source
name "squalr_plugin_memory_view_dolphin"
lineage external-local "6485e0de25245c920006a3d47b6b4b7705980fe51b8aab8f1405c439fcf2f795" "/home/ubuntu/repos/Squalr-Omega/plugins/squalr-plugin-memory-view-dolphin"
resolution external-local "17579d7aa52f8a19a496372baba3f9663a12d4517eacce3a04b50b4c331b19f7"
navigation root
authored 2
request path "../../squalr-engine-api"
alias none
request path "../../squalr-engine-targets-native"
alias none
authored-build 0
edges 33
edge
requester
name "squalr_engine"
lineage external-local "6485e0de25245c920006a3d47b6b4b7705980fe51b8aab8f1405c439fcf2f795" "/home/ubuntu/repos/Squalr-Omega/squalr-engine"
purpose "product"
ordinal 0
request path "../squalr-engine-api"
alias none
resolved-alias "squalr_engine_api"
selected
source
name "squalr_engine_api"
lineage external-local "6485e0de25245c920006a3d47b6b4b7705980fe51b8aab8f1405c439fcf2f795" "/home/ubuntu/repos/Squalr-Omega/squalr-engine-api"
resolution external-local "78c5f4af697a2ec76b3963f1786eb5f60f6a59ac2d7cdbb910474fa5ea2cc553"
edge
requester
name "squalr_engine"
lineage external-local "6485e0de25245c920006a3d47b6b4b7705980fe51b8aab8f1405c439fcf2f795" "/home/ubuntu/repos/Squalr-Omega/squalr-engine"
purpose "product"
ordinal 1
request path "../squalr-engine-session"
alias none
resolved-alias "squalr_engine_session"
selected
source
name "squalr_engine_session"
lineage external-local "6485e0de25245c920006a3d47b6b4b7705980fe51b8aab8f1405c439fcf2f795" "/home/ubuntu/repos/Squalr-Omega/squalr-engine-session"
resolution external-local "5615b9a287a9476b83a5407fabd3f472a836c211e8c294d0904eac5a1529774a"
edge
requester
name "squalr_engine"
lineage external-local "6485e0de25245c920006a3d47b6b4b7705980fe51b8aab8f1405c439fcf2f795" "/home/ubuntu/repos/Squalr-Omega/squalr-engine"
purpose "product"
ordinal 2
request path "../squalr-engine-projects"
alias none
resolved-alias "squalr_engine_projects"
selected
source
name "squalr_engine_projects"
lineage external-local "6485e0de25245c920006a3d47b6b4b7705980fe51b8aab8f1405c439fcf2f795" "/home/ubuntu/repos/Squalr-Omega/squalr-engine-projects"
resolution external-local "91e327eb78fab3878674046a690df920b0bec05f7f418afe490b614ae8ca8e45"
edge
requester
name "squalr_engine"
lineage external-local "6485e0de25245c920006a3d47b6b4b7705980fe51b8aab8f1405c439fcf2f795" "/home/ubuntu/repos/Squalr-Omega/squalr-engine"
purpose "product"
ordinal 3
request path "../squalr-engine-scanning"
alias none
resolved-alias "squalr_engine_scanning"
selected
source
name "squalr_engine_scanning"
lineage external-local "6485e0de25245c920006a3d47b6b4b7705980fe51b8aab8f1405c439fcf2f795" "/home/ubuntu/repos/Squalr-Omega/squalr-engine-scanning"
resolution external-local "847e658d92104a0d0484823a778cc2a38f6eb50bc0497a6d3d58c04fb7b63ab8"
edge
requester
name "squalr_engine_projects"
lineage external-local "6485e0de25245c920006a3d47b6b4b7705980fe51b8aab8f1405c439fcf2f795" "/home/ubuntu/repos/Squalr-Omega/squalr-engine-projects"
purpose "product"
ordinal 0
request path "../squalr-engine-api"
alias none
resolved-alias "squalr_engine_api"
selected
source
name "squalr_engine_api"
lineage external-local "6485e0de25245c920006a3d47b6b4b7705980fe51b8aab8f1405c439fcf2f795" "/home/ubuntu/repos/Squalr-Omega/squalr-engine-api"
resolution external-local "78c5f4af697a2ec76b3963f1786eb5f60f6a59ac2d7cdbb910474fa5ea2cc553"
edge
requester
name "squalr_engine_scanning"
lineage external-local "6485e0de25245c920006a3d47b6b4b7705980fe51b8aab8f1405c439fcf2f795" "/home/ubuntu/repos/Squalr-Omega/squalr-engine-scanning"
purpose "product"
ordinal 0
request path "../squalr-engine-api"
alias none
resolved-alias "squalr_engine_api"
selected
source
name "squalr_engine_api"
lineage external-local "6485e0de25245c920006a3d47b6b4b7705980fe51b8aab8f1405c439fcf2f795" "/home/ubuntu/repos/Squalr-Omega/squalr-engine-api"
resolution external-local "78c5f4af697a2ec76b3963f1786eb5f60f6a59ac2d7cdbb910474fa5ea2cc553"
edge
requester
name "squalr_engine_session"
lineage external-local "6485e0de25245c920006a3d47b6b4b7705980fe51b8aab8f1405c439fcf2f795" "/home/ubuntu/repos/Squalr-Omega/squalr-engine-session"
purpose "product"
ordinal 0
request path "../squalr-engine-api"
alias none
resolved-alias "squalr_engine_api"
selected
source
name "squalr_engine_api"
lineage external-local "6485e0de25245c920006a3d47b6b4b7705980fe51b8aab8f1405c439fcf2f795" "/home/ubuntu/repos/Squalr-Omega/squalr-engine-api"
resolution external-local "78c5f4af697a2ec76b3963f1786eb5f60f6a59ac2d7cdbb910474fa5ea2cc553"
edge
requester
name "squalr_engine_session"
lineage external-local "6485e0de25245c920006a3d47b6b4b7705980fe51b8aab8f1405c439fcf2f795" "/home/ubuntu/repos/Squalr-Omega/squalr-engine-session"
purpose "product"
ordinal 1
request path "../squalr-engine-projects"
alias none
resolved-alias "squalr_engine_projects"
selected
source
name "squalr_engine_projects"
lineage external-local "6485e0de25245c920006a3d47b6b4b7705980fe51b8aab8f1405c439fcf2f795" "/home/ubuntu/repos/Squalr-Omega/squalr-engine-projects"
resolution external-local "91e327eb78fab3878674046a690df920b0bec05f7f418afe490b614ae8ca8e45"
edge
requester
name "squalr_engine_session"
lineage external-local "6485e0de25245c920006a3d47b6b4b7705980fe51b8aab8f1405c439fcf2f795" "/home/ubuntu/repos/Squalr-Omega/squalr-engine-session"
purpose "product"
ordinal 2
request path "../squalr-engine-targets"
alias none
resolved-alias "squalr_engine_targets"
selected
source
name "squalr_engine_targets"
lineage external-local "6485e0de25245c920006a3d47b6b4b7705980fe51b8aab8f1405c439fcf2f795" "/home/ubuntu/repos/Squalr-Omega/squalr-engine-targets"
resolution external-local "576955dbd109aff9d222845501395657bbb50318d5893309ffec52b54945654d"
edge
requester
name "squalr_engine_session"
lineage external-local "6485e0de25245c920006a3d47b6b4b7705980fe51b8aab8f1405c439fcf2f795" "/home/ubuntu/repos/Squalr-Omega/squalr-engine-session"
purpose "product"
ordinal 3
request path "../squalr-engine-targets-native"
alias none
resolved-alias "squalr_engine_targets_native"
selected
source
name "squalr_engine_targets_native"
lineage external-local "6485e0de25245c920006a3d47b6b4b7705980fe51b8aab8f1405c439fcf2f795" "/home/ubuntu/repos/Squalr-Omega/squalr-engine-targets-native"
resolution external-local "3f87fd2f945efb2a2b644a3496d8d8e7cfe1c37e4aa0ef96dfbeb168e2f1812f"
edge
requester
name "squalr_engine_session"
lineage external-local "6485e0de25245c920006a3d47b6b4b7705980fe51b8aab8f1405c439fcf2f795" "/home/ubuntu/repos/Squalr-Omega/squalr-engine-session"
purpose "product"
ordinal 4
request path "../plugins/squalr-plugin-builtins"
alias none
resolved-alias "squalr_plugin_builtins"
selected
source
name "squalr_plugin_builtins"
lineage external-local "6485e0de25245c920006a3d47b6b4b7705980fe51b8aab8f1405c439fcf2f795" "/home/ubuntu/repos/Squalr-Omega/plugins/squalr-plugin-builtins"
resolution external-local "b319c4db6fba124c3da3555c5a694eddd0c2856e3d97b22a04e0940cd05a4754"
edge
requester
name "squalr_engine_session"
lineage external-local "6485e0de25245c920006a3d47b6b4b7705980fe51b8aab8f1405c439fcf2f795" "/home/ubuntu/repos/Squalr-Omega/squalr-engine-session"
purpose "product"
ordinal 5
request git "https://github.com/CathedralOS/Omega.git" "499211f4639bc0f5fb6e86172ed738446d8564f3"
selection named "omega_language_std"
alias none
resolved-alias "omega_language_std"
selected
source
name "omega_language_std"
lineage github "cathedralos" "omega"
resolution git "499211f4639bc0f5fb6e86172ed738446d8564f3" "d6bb8a5ba271a71a5c8000d732667269c6777227" "e8d4125c32042b4953eec6abd09c645fd25aa55aa68bc6e235a1bc131344c382"
edge
requester
name "squalr_engine_targets"
lineage external-local "6485e0de25245c920006a3d47b6b4b7705980fe51b8aab8f1405c439fcf2f795" "/home/ubuntu/repos/Squalr-Omega/squalr-engine-targets"
purpose "product"
ordinal 0
request path "../squalr-engine-api"
alias none
resolved-alias "squalr_engine_api"
selected
source
name "squalr_engine_api"
lineage external-local "6485e0de25245c920006a3d47b6b4b7705980fe51b8aab8f1405c439fcf2f795" "/home/ubuntu/repos/Squalr-Omega/squalr-engine-api"
resolution external-local "78c5f4af697a2ec76b3963f1786eb5f60f6a59ac2d7cdbb910474fa5ea2cc553"
edge
requester
name "squalr_engine_targets"
lineage external-local "6485e0de25245c920006a3d47b6b4b7705980fe51b8aab8f1405c439fcf2f795" "/home/ubuntu/repos/Squalr-Omega/squalr-engine-targets"
purpose "product"
ordinal 1
request git "https://github.com/CathedralOS/Omega.git" "499211f4639bc0f5fb6e86172ed738446d8564f3"
selection named "omega_language_std"
alias none
resolved-alias "omega_language_std"
selected
source
name "omega_language_std"
lineage github "cathedralos" "omega"
resolution git "499211f4639bc0f5fb6e86172ed738446d8564f3" "d6bb8a5ba271a71a5c8000d732667269c6777227" "e8d4125c32042b4953eec6abd09c645fd25aa55aa68bc6e235a1bc131344c382"
edge
requester
name "squalr_engine_targets_native"
lineage external-local "6485e0de25245c920006a3d47b6b4b7705980fe51b8aab8f1405c439fcf2f795" "/home/ubuntu/repos/Squalr-Omega/squalr-engine-targets-native"
purpose "product"
ordinal 0
request path "../squalr-engine-api"
alias none
resolved-alias "squalr_engine_api"
selected
source
name "squalr_engine_api"
lineage external-local "6485e0de25245c920006a3d47b6b4b7705980fe51b8aab8f1405c439fcf2f795" "/home/ubuntu/repos/Squalr-Omega/squalr-engine-api"
resolution external-local "78c5f4af697a2ec76b3963f1786eb5f60f6a59ac2d7cdbb910474fa5ea2cc553"
edge
requester
name "squalr_engine_targets_native"
lineage external-local "6485e0de25245c920006a3d47b6b4b7705980fe51b8aab8f1405c439fcf2f795" "/home/ubuntu/repos/Squalr-Omega/squalr-engine-targets-native"
purpose "product"
ordinal 1
request path "../squalr-engine-targets"
alias none
resolved-alias "squalr_engine_targets"
selected
source
name "squalr_engine_targets"
lineage external-local "6485e0de25245c920006a3d47b6b4b7705980fe51b8aab8f1405c439fcf2f795" "/home/ubuntu/repos/Squalr-Omega/squalr-engine-targets"
resolution external-local "576955dbd109aff9d222845501395657bbb50318d5893309ffec52b54945654d"
edge
requester
name "squalr_engine_targets_native"
lineage external-local "6485e0de25245c920006a3d47b6b4b7705980fe51b8aab8f1405c439fcf2f795" "/home/ubuntu/repos/Squalr-Omega/squalr-engine-targets-native"
purpose "product"
ordinal 2
request git "https://github.com/CathedralOS/Omega.git" "499211f4639bc0f5fb6e86172ed738446d8564f3"
selection named "omega_language_std"
alias none
resolved-alias "omega_language_std"
selected
source
name "omega_language_std"
lineage github "cathedralos" "omega"
resolution git "499211f4639bc0f5fb6e86172ed738446d8564f3" "d6bb8a5ba271a71a5c8000d732667269c6777227" "e8d4125c32042b4953eec6abd09c645fd25aa55aa68bc6e235a1bc131344c382"
edge
requester
name "squalr_plugin_binary_symbols"
lineage external-local "6485e0de25245c920006a3d47b6b4b7705980fe51b8aab8f1405c439fcf2f795" "/home/ubuntu/repos/Squalr-Omega/plugins/squalr-plugin-binary-symbols"
purpose "product"
ordinal 0
request path "../../squalr-engine-api"
alias none
resolved-alias "squalr_engine_api"
selected
source
name "squalr_engine_api"
lineage external-local "6485e0de25245c920006a3d47b6b4b7705980fe51b8aab8f1405c439fcf2f795" "/home/ubuntu/repos/Squalr-Omega/squalr-engine-api"
resolution external-local "78c5f4af697a2ec76b3963f1786eb5f60f6a59ac2d7cdbb910474fa5ea2cc553"
edge
requester
name "squalr_plugin_builtins"
lineage external-local "6485e0de25245c920006a3d47b6b4b7705980fe51b8aab8f1405c439fcf2f795" "/home/ubuntu/repos/Squalr-Omega/plugins/squalr-plugin-builtins"
purpose "product"
ordinal 0
request path "../../squalr-engine-api"
alias none
resolved-alias "squalr_engine_api"
selected
source
name "squalr_engine_api"
lineage external-local "6485e0de25245c920006a3d47b6b4b7705980fe51b8aab8f1405c439fcf2f795" "/home/ubuntu/repos/Squalr-Omega/squalr-engine-api"
resolution external-local "78c5f4af697a2ec76b3963f1786eb5f60f6a59ac2d7cdbb910474fa5ea2cc553"
edge
requester
name "squalr_plugin_builtins"
lineage external-local "6485e0de25245c920006a3d47b6b4b7705980fe51b8aab8f1405c439fcf2f795" "/home/ubuntu/repos/Squalr-Omega/plugins/squalr-plugin-builtins"
purpose "product"
ordinal 1
request path "../squalr-plugin-data-types-24bit"
alias none
resolved-alias "squalr_plugin_data_types_24bit"
selected
source
name "squalr_plugin_data_types_24bit"
lineage external-local "6485e0de25245c920006a3d47b6b4b7705980fe51b8aab8f1405c439fcf2f795" "/home/ubuntu/repos/Squalr-Omega/plugins/squalr-plugin-data-types-24bit"
resolution external-local "ca06d678e67c35f22e4a5771c7f96dd7c984f6678d48a577dffcf7eff4d0a7fb"
edge
requester
name "squalr_plugin_builtins"
lineage external-local "6485e0de25245c920006a3d47b6b4b7705980fe51b8aab8f1405c439fcf2f795" "/home/ubuntu/repos/Squalr-Omega/plugins/squalr-plugin-builtins"
purpose "product"
ordinal 2
request path "../squalr-plugin-instructions-arm"
alias none
resolved-alias "squalr_plugin_instructions_arm"
selected
source
name "squalr_plugin_instructions_arm"
lineage external-local "6485e0de25245c920006a3d47b6b4b7705980fe51b8aab8f1405c439fcf2f795" "/home/ubuntu/repos/Squalr-Omega/plugins/squalr-plugin-instructions-arm"
resolution external-local "c99de65b6a76acb97f7dc224228cb4e085c16237a6989705937de55dbeefdfec"
edge
requester
name "squalr_plugin_builtins"
lineage external-local "6485e0de25245c920006a3d47b6b4b7705980fe51b8aab8f1405c439fcf2f795" "/home/ubuntu/repos/Squalr-Omega/plugins/squalr-plugin-builtins"
purpose "product"
ordinal 3
request path "../squalr-plugin-instructions-powerpc"
alias none
resolved-alias "squalr_plugin_instructions_powerpc"
selected
source
name "squalr_plugin_instructions_powerpc"
lineage external-local "6485e0de25245c920006a3d47b6b4b7705980fe51b8aab8f1405c439fcf2f795" "/home/ubuntu/repos/Squalr-Omega/plugins/squalr-plugin-instructions-powerpc"
resolution external-local "4913b405cb094123c7812d46912f1de89bbd2e5e5df2798503962e9cac84419a"
edge
requester
name "squalr_plugin_builtins"
lineage external-local "6485e0de25245c920006a3d47b6b4b7705980fe51b8aab8f1405c439fcf2f795" "/home/ubuntu/repos/Squalr-Omega/plugins/squalr-plugin-builtins"
purpose "product"
ordinal 4
request path "../squalr-plugin-instructions-x86"
alias none
resolved-alias "squalr_plugin_instructions_x86"
selected
source
name "squalr_plugin_instructions_x86"
lineage external-local "6485e0de25245c920006a3d47b6b4b7705980fe51b8aab8f1405c439fcf2f795" "/home/ubuntu/repos/Squalr-Omega/plugins/squalr-plugin-instructions-x86"
resolution external-local "9573711f0a60d17275a4394e7d2d6798a77f7ca0d608a0b51a84887c3536bac8"
edge
requester
name "squalr_plugin_builtins"
lineage external-local "6485e0de25245c920006a3d47b6b4b7705980fe51b8aab8f1405c439fcf2f795" "/home/ubuntu/repos/Squalr-Omega/plugins/squalr-plugin-builtins"
purpose "product"
ordinal 5
request path "../squalr-plugin-memory-view-dolphin"
alias none
resolved-alias "squalr_plugin_memory_view_dolphin"
selected
source
name "squalr_plugin_memory_view_dolphin"
lineage external-local "6485e0de25245c920006a3d47b6b4b7705980fe51b8aab8f1405c439fcf2f795" "/home/ubuntu/repos/Squalr-Omega/plugins/squalr-plugin-memory-view-dolphin"
resolution external-local "17579d7aa52f8a19a496372baba3f9663a12d4517eacce3a04b50b4c331b19f7"
edge
requester
name "squalr_plugin_builtins"
lineage external-local "6485e0de25245c920006a3d47b6b4b7705980fe51b8aab8f1405c439fcf2f795" "/home/ubuntu/repos/Squalr-Omega/plugins/squalr-plugin-builtins"
purpose "product"
ordinal 6
request path "../squalr-plugin-binary-symbols"
alias none
resolved-alias "squalr_plugin_binary_symbols"
selected
source
name "squalr_plugin_binary_symbols"
lineage external-local "6485e0de25245c920006a3d47b6b4b7705980fe51b8aab8f1405c439fcf2f795" "/home/ubuntu/repos/Squalr-Omega/plugins/squalr-plugin-binary-symbols"
resolution external-local "23cf50b93b6d82695f8293ba7fff24ca5698d1fea2b2afcf380ad5edba27bead"
edge
requester
name "squalr_plugin_builtins"
lineage external-local "6485e0de25245c920006a3d47b6b4b7705980fe51b8aab8f1405c439fcf2f795" "/home/ubuntu/repos/Squalr-Omega/plugins/squalr-plugin-builtins"
purpose "product"
ordinal 7
request path "../squalr-plugin-debuggers-native"
alias none
resolved-alias "squalr_plugin_debuggers_native"
selected
source
name "squalr_plugin_debuggers_native"
lineage external-local "6485e0de25245c920006a3d47b6b4b7705980fe51b8aab8f1405c439fcf2f795" "/home/ubuntu/repos/Squalr-Omega/plugins/squalr-plugin-debuggers-native"
resolution external-local "3f614eb82d9602b345b01c577d2f71f891db13dc8328e516bcbbf04451ecf26f"
edge
requester
name "squalr_plugin_data_types_24bit"
lineage external-local "6485e0de25245c920006a3d47b6b4b7705980fe51b8aab8f1405c439fcf2f795" "/home/ubuntu/repos/Squalr-Omega/plugins/squalr-plugin-data-types-24bit"
purpose "product"
ordinal 0
request path "../../squalr-engine-api"
alias none
resolved-alias "squalr_engine_api"
selected
source
name "squalr_engine_api"
lineage external-local "6485e0de25245c920006a3d47b6b4b7705980fe51b8aab8f1405c439fcf2f795" "/home/ubuntu/repos/Squalr-Omega/squalr-engine-api"
resolution external-local "78c5f4af697a2ec76b3963f1786eb5f60f6a59ac2d7cdbb910474fa5ea2cc553"
edge
requester
name "squalr_plugin_debuggers_native"
lineage external-local "6485e0de25245c920006a3d47b6b4b7705980fe51b8aab8f1405c439fcf2f795" "/home/ubuntu/repos/Squalr-Omega/plugins/squalr-plugin-debuggers-native"
purpose "product"
ordinal 0
request path "../../squalr-engine-api"
alias none
resolved-alias "squalr_engine_api"
selected
source
name "squalr_engine_api"
lineage external-local "6485e0de25245c920006a3d47b6b4b7705980fe51b8aab8f1405c439fcf2f795" "/home/ubuntu/repos/Squalr-Omega/squalr-engine-api"
resolution external-local "78c5f4af697a2ec76b3963f1786eb5f60f6a59ac2d7cdbb910474fa5ea2cc553"
edge
requester
name "squalr_plugin_instructions_arm"
lineage external-local "6485e0de25245c920006a3d47b6b4b7705980fe51b8aab8f1405c439fcf2f795" "/home/ubuntu/repos/Squalr-Omega/plugins/squalr-plugin-instructions-arm"
purpose "product"
ordinal 0
request path "../../squalr-engine-api"
alias none
resolved-alias "squalr_engine_api"
selected
source
name "squalr_engine_api"
lineage external-local "6485e0de25245c920006a3d47b6b4b7705980fe51b8aab8f1405c439fcf2f795" "/home/ubuntu/repos/Squalr-Omega/squalr-engine-api"
resolution external-local "78c5f4af697a2ec76b3963f1786eb5f60f6a59ac2d7cdbb910474fa5ea2cc553"
edge
requester
name "squalr_plugin_instructions_powerpc"
lineage external-local "6485e0de25245c920006a3d47b6b4b7705980fe51b8aab8f1405c439fcf2f795" "/home/ubuntu/repos/Squalr-Omega/plugins/squalr-plugin-instructions-powerpc"
purpose "product"
ordinal 0
request path "../../squalr-engine-api"
alias none
resolved-alias "squalr_engine_api"
selected
source
name "squalr_engine_api"
lineage external-local "6485e0de25245c920006a3d47b6b4b7705980fe51b8aab8f1405c439fcf2f795" "/home/ubuntu/repos/Squalr-Omega/squalr-engine-api"
resolution external-local "78c5f4af697a2ec76b3963f1786eb5f60f6a59ac2d7cdbb910474fa5ea2cc553"
edge
requester
name "squalr_plugin_instructions_x86"
lineage external-local "6485e0de25245c920006a3d47b6b4b7705980fe51b8aab8f1405c439fcf2f795" "/home/ubuntu/repos/Squalr-Omega/plugins/squalr-plugin-instructions-x86"
purpose "product"
ordinal 0
request path "../../squalr-engine-api"
alias none
resolved-alias "squalr_engine_api"
selected
source
name "squalr_engine_api"
lineage external-local "6485e0de25245c920006a3d47b6b4b7705980fe51b8aab8f1405c439fcf2f795" "/home/ubuntu/repos/Squalr-Omega/squalr-engine-api"
resolution external-local "78c5f4af697a2ec76b3963f1786eb5f60f6a59ac2d7cdbb910474fa5ea2cc553"
edge
requester
name "squalr_plugin_memory_view_dolphin"
lineage external-local "6485e0de25245c920006a3d47b6b4b7705980fe51b8aab8f1405c439fcf2f795" "/home/ubuntu/repos/Squalr-Omega/plugins/squalr-plugin-memory-view-dolphin"
purpose "product"
ordinal 0
request path "../../squalr-engine-api"
alias none
resolved-alias "squalr_engine_api"
selected
source
name "squalr_engine_api"
lineage external-local "6485e0de25245c920006a3d47b6b4b7705980fe51b8aab8f1405c439fcf2f795" "/home/ubuntu/repos/Squalr-Omega/squalr-engine-api"
resolution external-local "78c5f4af697a2ec76b3963f1786eb5f60f6a59ac2d7cdbb910474fa5ea2cc553"
edge
requester
name "squalr_plugin_memory_view_dolphin"
lineage external-local "6485e0de25245c920006a3d47b6b4b7705980fe51b8aab8f1405c439fcf2f795" "/home/ubuntu/repos/Squalr-Omega/plugins/squalr-plugin-memory-view-dolphin"
purpose "product"
ordinal 1
request path "../../squalr-engine-targets-native"
alias none
resolved-alias "squalr_engine_targets_native"
selected
source
name "squalr_engine_targets_native"
lineage external-local "6485e0de25245c920006a3d47b6b4b7705980fe51b8aab8f1405c439fcf2f795" "/home/ubuntu/repos/Squalr-Omega/squalr-engine-targets-native"
resolution external-local "3f87fd2f945efb2a2b644a3496d8d8e7cfe1c37e4aa0ef96dfbeb168e2f1812f"
end
occurrences 16
occurrence 0 product omega.target-profile.v1:linux_x86_64 omega.target-profile.v1:linux_x86_64
acceptance 8480
acceptance_schema 2
rows 3
row callable
key 4be7037dc994d731b8c3a103e28f99db49846ebc2690e575d68d0dd758c1dace
meaning 4602
omega_package_policy_row_text 1
field binary_format {
  fixed "OMEGA-PACKAGE-POLICY-ROW\x00"
}
field row_schema {
  u16 2
}
field baseline_schema {
  u16 7
}
field package {
  digest f6b714ce3481cf776d657a2ffe5348fe2b001620fd808d184a7367f580b9a941
}
field target {
  string "omega.target-profile.v1:linux_x86_64"
}
field kind {
  tag callable 8
}
field initial_requires_decision {
  bool true
}
field update_requires_decision {
  bool true
}
field audit_recommended_when_present {
  bool true
}
field audit_recommended_on_change {
  bool true
}
field value {
  field role {
    tag private_external 4
  }
  field identity {
    field owner {
      tag package 0
      field package {
        digest f6b714ce3481cf776d657a2ffe5348fe2b001620fd808d184a7367f580b9a941
      }
    }
    field path {
      string "20:conformance-callable32:ConsoleNativeProvider::read_byte85:named-callable(path(ConsoleNativeProvider::read_byte),parameters(),result-dispatch())32:ConsoleNativeProvider::read_byte7:machine172:11:result-type154:14:signature-type126:named(name(nominal\\(package-owner\\(32:f6b714ce3481cf776d657a2ffe5348fe2b001620fd808d184a7367f580b9a941\\)\\,path\\(ByteRead\\)\\)))5:named"
    }
  }
  field supply {
    field supply {
      tag external_realization 4
    }
  }
  field spelling {
    option none
  }
  field lifetime_parameter_count {
    u64 0
  }
  field type_parameters {
    sequence 0 {
    }
  }
  field conformance_bounds {
    sequence 0 {
    }
  }
  field parameters {
    sequence 0 {
    }
  }
  field return_type {
    option some {
      field canonical {
        string "14:signature-type126:named(name(nominal\\(package-owner\\(32:f6b714ce3481cf776d657a2ffe5348fe2b001620fd808d184a7367f580b9a941\\)\\,path\\(ByteRead\\)\\)))5:named"
      }
    }
  }
  field conformances {
    sequence 1 {
      item {
        field trait {
          field owner {
            tag package 0
            field package {
              digest f6b714ce3481cf776d657a2ffe5348fe2b001620fd808d184a7367f580b9a941
            }
          }
          field path {
            string "Console"
          }
        }
        field requirement {
          field owner {
            tag package 0
            field package {
              digest f6b714ce3481cf776d657a2ffe5348fe2b001620fd808d184a7367f580b9a941
            }
          }
          field path {
            string "named-callable(path(Console::read_byte),parameters(),result-dispatch())"
          }
        }
        field requirement_lifetime_partition {
          sequence 0 {
          }
        }
        field trait_lifetime_arguments {
          sequence 0 {
          }
        }
        field arguments {
          sequence 0 {
          }
        }
        field alias {
          option none
        }
      }
    }
  }
  field operator_realizations {
    sequence 0 {
    }
  }
  field contracts {
    sequence 0 {
    }
  }
  field declared_service_reach {
    option some {
      sequence 0 {
      }
    }
  }
  field service_reach_dependency {
    field concrete {
      sequence 0 {
      }
    }
    field parameters {
      sequence 0 {
      }
    }
  }
  field checked_service_reach {
    tag no_checked_body 0
  }
  field unresolved_installation_reaches {
    sequence 0 {
    }
  }
  field declared_synchronous_invocations {
    option some {
      sequence 0 {
      }
    }
  }
  field realized_synchronous_invocations {
    sequence 0 {
    }
  }
  field capability_flows {
    sequence 0 {
    }
  }
  field reachable_capability_flows {
    sequence 0 {
    }
  }
  field declared_may_suspend {
    option some {
      bool false
    }
  }
  field declared_may_block {
    option some {
      bool true
    }
  }
  field declared_termination {
    option some {
      tag no_guarantee 0
    }
  }
  field checked_may_suspend {
    bool false
  }
  field checked_may_block {
    bool true
  }
  field checked_termination {
    tag no_guarantee 0
  }
  field checked_crash {
    field interface {
      tag published_ceiling 1
    }
    field published {
      sequence 1 {
        item {
          field cause {
            tag trap 0
          }
          field alternative_guards {
            sequence 1 {
              item {
                tag truth 0
              }
            }
          }
        }
      }
    }
    field structural_runtime_requirements {
      option some {
        sequence 0 {
        }
      }
    }
    field inferred {
      tag unknown 0
    }
  }
  field mutation {
    field completeness {
      tag complete 0
    }
    field paths {
      sequence 0 {
      }
    }
  }
}
row external_supply
key 4be7037dc994d731b8c3a103e28f99db49846ebc2690e575d68d0dd758c1dace
meaning 2689
omega_package_policy_row_text 1
field binary_format {
  fixed "OMEGA-PACKAGE-POLICY-ROW\x00"
}
field row_schema {
  u16 2
}
field baseline_schema {
  u16 7
}
field package {
  digest f6b714ce3481cf776d657a2ffe5348fe2b001620fd808d184a7367f580b9a941
}
field target {
  string "omega.target-profile.v1:linux_x86_64"
}
field kind {
  tag external_supply 17
}
field initial_requires_decision {
  bool true
}
field update_requires_decision {
  bool true
}
field audit_recommended_when_present {
  bool true
}
field audit_recommended_on_change {
  bool true
}
field value {
  field callable {
    field owner {
      tag package 0
      field package {
        digest f6b714ce3481cf776d657a2ffe5348fe2b001620fd808d184a7367f580b9a941
      }
    }
    field path {
      string "20:conformance-callable32:ConsoleNativeProvider::read_byte85:named-callable(path(ConsoleNativeProvider::read_byte),parameters(),result-dispatch())32:ConsoleNativeProvider::read_byte7:machine172:11:result-type154:14:signature-type126:named(name(nominal\\(package-owner\\(32:f6b714ce3481cf776d657a2ffe5348fe2b001620fd808d184a7367f580b9a941\\)\\,path\\(ByteRead\\)\\)))5:named"
    }
  }
  field signature {
    field lifetime_parameter_count {
      u64 0
    }
    field static_parameters {
      sequence 0 {
      }
    }
    field conformance_bounds {
      sequence 0 {
      }
    }
    field parameters {
      sequence 0 {
      }
    }
    field return_type {
      option some {
        field canonical {
          string "14:signature-type126:named(name(nominal\\(package-owner\\(32:f6b714ce3481cf776d657a2ffe5348fe2b001620fd808d184a7367f580b9a941\\)\\,path\\(ByteRead\\)\\)))5:named"
        }
      }
    }
  }
  field requirement {
    tag trait 0
    field conformance {
      field trait {
        field owner {
          tag package 0
          field package {
            digest f6b714ce3481cf776d657a2ffe5348fe2b001620fd808d184a7367f580b9a941
          }
        }
        field path {
          string "Console"
        }
      }
      field requirement {
        field owner {
          tag package 0
          field package {
            digest f6b714ce3481cf776d657a2ffe5348fe2b001620fd808d184a7367f580b9a941
          }
        }
        field path {
          string "named-callable(path(Console::read_byte),parameters(),result-dispatch())"
        }
      }
      field requirement_lifetime_partition {
        sequence 0 {
        }
      }
      field trait_lifetime_arguments {
        sequence 0 {
        }
      }
      field arguments {
        sequence 0 {
        }
      }
      field alias {
        option none
      }
    }
  }
  field binding {
    tag compiler_intrinsic 2
  }
}
row dangerous_capability
key fd2b5aa80ac755da57cadda49e52a6b75ed535a6920385d392c6760e9563c28d
meaning 844
omega_package_policy_row_text 1
field binary_format {
  fixed "OMEGA-PACKAGE-POLICY-ROW\x00"
}
field row_schema {
  u16 2
}
field baseline_schema {
  u16 7
}
field package {
  digest f6b714ce3481cf776d657a2ffe5348fe2b001620fd808d184a7367f580b9a941
}
field target {
  string "omega.target-profile.v1:linux_x86_64"
}
field kind {
  tag dangerous_capability 18
}
field initial_requires_decision {
  bool true
}
field update_requires_decision {
  bool true
}
field audit_recommended_when_present {
  bool true
}
field audit_recommended_on_change {
  bool true
}
field value {
  field class {
    tag filesystem 0
  }
  field service {
    field owner {
      tag package 0
      field package {
        digest f6b714ce3481cf776d657a2ffe5348fe2b001620fd808d184a7367f580b9a941
      }
    }
    field path {
      string "FilesystemHost"
    }
  }
}
end_acceptance
occurrence 1 product omega.target-profile.v1:linux_x86_64 omega.target-profile.v1:linux_x86_64
acceptance 42
acceptance_schema 2
rows 0
end_acceptance
occurrence 2 product omega.target-profile.v1:linux_x86_64 omega.target-profile.v1:linux_x86_64
acceptance 42
acceptance_schema 2
rows 0
end_acceptance
occurrence 3 product omega.target-profile.v1:linux_x86_64 omega.target-profile.v1:linux_x86_64
acceptance 42
acceptance_schema 2
rows 0
end_acceptance
occurrence 4 product omega.target-profile.v1:linux_x86_64 omega.target-profile.v1:linux_x86_64
acceptance 42
acceptance_schema 2
rows 0
end_acceptance
occurrence 5 product omega.target-profile.v1:linux_x86_64 omega.target-profile.v1:linux_x86_64
acceptance 992
acceptance_schema 2
rows 1
row dangerous_capability
key fd2b5aa80ac755da57cadda49e52a6b75ed535a6920385d392c6760e9563c28d
meaning 844
omega_package_policy_row_text 1
field binary_format {
  fixed "OMEGA-PACKAGE-POLICY-ROW\x00"
}
field row_schema {
  u16 2
}
field baseline_schema {
  u16 7
}
field package {
  digest 7733ef1a44fac6faf59b1f8f4cb0e69a6c7d3b4b2656535d877703e5c9d9094d
}
field target {
  string "omega.target-profile.v1:linux_x86_64"
}
field kind {
  tag dangerous_capability 18
}
field initial_requires_decision {
  bool true
}
field update_requires_decision {
  bool true
}
field audit_recommended_when_present {
  bool true
}
field audit_recommended_on_change {
  bool true
}
field value {
  field class {
    tag filesystem 0
  }
  field service {
    field owner {
      tag package 0
      field package {
        digest f6b714ce3481cf776d657a2ffe5348fe2b001620fd808d184a7367f580b9a941
      }
    }
    field path {
      string "FilesystemHost"
    }
  }
}
end_acceptance
occurrence 6 product omega.target-profile.v1:linux_x86_64 omega.target-profile.v1:linux_x86_64
acceptance 42
acceptance_schema 2
rows 0
end_acceptance
occurrence 7 product omega.target-profile.v1:linux_x86_64 omega.target-profile.v1:linux_x86_64
acceptance 992
acceptance_schema 2
rows 1
row dangerous_capability
key fd2b5aa80ac755da57cadda49e52a6b75ed535a6920385d392c6760e9563c28d
meaning 844
omega_package_policy_row_text 1
field binary_format {
  fixed "OMEGA-PACKAGE-POLICY-ROW\x00"
}
field row_schema {
  u16 2
}
field baseline_schema {
  u16 7
}
field package {
  digest eb98c608f91e0e1129f696a015c588e2a2de2c80165a949ef27a71c357278421
}
field target {
  string "omega.target-profile.v1:linux_x86_64"
}
field kind {
  tag dangerous_capability 18
}
field initial_requires_decision {
  bool true
}
field update_requires_decision {
  bool true
}
field audit_recommended_when_present {
  bool true
}
field audit_recommended_on_change {
  bool true
}
field value {
  field class {
    tag filesystem 0
  }
  field service {
    field owner {
      tag package 0
      field package {
        digest f6b714ce3481cf776d657a2ffe5348fe2b001620fd808d184a7367f580b9a941
      }
    }
    field path {
      string "FilesystemHost"
    }
  }
}
end_acceptance
occurrence 8 product omega.target-profile.v1:linux_x86_64 omega.target-profile.v1:linux_x86_64
acceptance 42
acceptance_schema 2
rows 0
end_acceptance
occurrence 9 product omega.target-profile.v1:linux_x86_64 omega.target-profile.v1:linux_x86_64
acceptance 42
acceptance_schema 2
rows 0
end_acceptance
occurrence 10 product omega.target-profile.v1:linux_x86_64 omega.target-profile.v1:linux_x86_64
acceptance 42
acceptance_schema 2
rows 0
end_acceptance
occurrence 11 product omega.target-profile.v1:linux_x86_64 omega.target-profile.v1:linux_x86_64
acceptance 42
acceptance_schema 2
rows 0
end_acceptance
occurrence 12 product omega.target-profile.v1:linux_x86_64 omega.target-profile.v1:linux_x86_64
acceptance 42
acceptance_schema 2
rows 0
end_acceptance
occurrence 13 product omega.target-profile.v1:linux_x86_64 omega.target-profile.v1:linux_x86_64
acceptance 42
acceptance_schema 2
rows 0
end_acceptance
occurrence 14 product omega.target-profile.v1:linux_x86_64 omega.target-profile.v1:linux_x86_64
acceptance 42
acceptance_schema 2
rows 0
end_acceptance
occurrence 15 product omega.target-profile.v1:linux_x86_64 omega.target-profile.v1:linux_x86_64
acceptance 42
acceptance_schema 2
rows 0
end_acceptance
decisions 628
omega-policy-decisions 2
source c6d6040b87e9f73ee65d93c649b8dd0feac9a8bc18abbb162692eac514765cc5
baseline none
comparison c158b1901b86177cf0e566368f835b34b2f4ba49a355f643175b59eea3cee099
decisions 5
decision row 5b011575bf0f31a9fc037052b01d40888eb233c44bb3cf2935ea3d664a151ec9 accept
decision row 7e9626b80b3cb1f6b69420ddd9e2d0c1a21324e9de8c58505139433096d77af2 accept
decision row 9f032588be508bf25e0718a5c1e6886b812ac18f2105069f06d73e5bf1790167 accept
decision row a9969d896a7b839a0a74a00413a281b70b1f709fe42d32fb1c2e5c082ed276e4 accept
decision row dfebab2c43472f51a2be92767f96f541457ed1b74d35287333cf907c9d2398ec accept
end
end_target
end
