omega_lock 3
targets 1
target omega.target-profile.v1:linux_x86_64
source 1816
omega-source-closure 2
target "omega.target-profile.v1:linux_x86_64"
root
role package
request external-local "/home/ubuntu/repos/Squalr-Omega/squalr-engine-scanning" "6485e0de25245c920006a3d47b6b4b7705980fe51b8aab8f1405c439fcf2f795"
selected
source
name "squalr_engine_scanning"
lineage external-local "6485e0de25245c920006a3d47b6b4b7705980fe51b8aab8f1405c439fcf2f795" "/home/ubuntu/repos/Squalr-Omega/squalr-engine-scanning"
resolution external-local "fbacf3cf7881ce56af70860ba360441fdc42b6fb8ec35b63f8e4019c1cb446c5"
packages 2
package
source
name "squalr_engine_api"
lineage external-local "6485e0de25245c920006a3d47b6b4b7705980fe51b8aab8f1405c439fcf2f795" "/home/ubuntu/repos/Squalr-Omega/squalr-engine-api"
resolution external-local "175cab223533360aeef4cb4e114b4a12873b533cdb611c6fe90c6155b87ed27f"
navigation root
authored 0
authored-build 0
package
source
name "squalr_engine_scanning"
lineage external-local "6485e0de25245c920006a3d47b6b4b7705980fe51b8aab8f1405c439fcf2f795" "/home/ubuntu/repos/Squalr-Omega/squalr-engine-scanning"
resolution external-local "fbacf3cf7881ce56af70860ba360441fdc42b6fb8ec35b63f8e4019c1cb446c5"
navigation root
authored 1
request path "../squalr-engine-api"
alias none
authored-build 0
edges 1
edge
requester
name "squalr_engine_scanning"
lineage external-local "6485e0de25245c920006a3d47b6b4b7705980fe51b8aab8f1405c439fcf2f795" "/home/ubuntu/repos/Squalr-Omega/squalr-engine-scanning"
purpose "product"
ordinal 0
request path "../squalr-engine-api"
alias none
resolved-alias "squalr_engine_api"
selected
source
name "squalr_engine_api"
lineage external-local "6485e0de25245c920006a3d47b6b4b7705980fe51b8aab8f1405c439fcf2f795" "/home/ubuntu/repos/Squalr-Omega/squalr-engine-api"
resolution external-local "175cab223533360aeef4cb4e114b4a12873b533cdb611c6fe90c6155b87ed27f"
end
occurrences 2
occurrence 0 product omega.target-profile.v1:linux_x86_64 omega.target-profile.v1:linux_x86_64
acceptance 42
acceptance_schema 3
rows 0
end_acceptance
occurrence 1 product omega.target-profile.v1:linux_x86_64 omega.target-profile.v1:linux_x86_64
acceptance 42
acceptance_schema 3
rows 0
end_acceptance
decisions 203
omega-policy-decisions 2
source 5d696c9c72189f0442b16abaa329228e9f7458db0882cdd333cf3d73200d4bed
baseline none
comparison 685f8f1360a8b74c04c5c34dfb6e7da6b8d18ad457c3d1695d9c565213a2b9d6
decisions 0
end
end_target
end
