omega_lock 3
targets 1
target omega.target-profile.v1:linux_x86_64
source 1780
omega-source-closure 2
target "omega.target-profile.v1:linux_x86_64"
root
role package
request external-local "/home/ubuntu/squalr-merge/squalr-engine-scanning" "6485e0de25245c920006a3d47b6b4b7705980fe51b8aab8f1405c439fcf2f795"
selected
source
name "squalr_engine_scanning"
lineage external-local "6485e0de25245c920006a3d47b6b4b7705980fe51b8aab8f1405c439fcf2f795" "/home/ubuntu/squalr-merge/squalr-engine-scanning"
resolution external-local "b1886cf7a8e3ffef82258b5c30d832a34b3a06126250da545222bd5b35853c2b"
packages 2
package
source
name "squalr_engine_api"
lineage external-local "6485e0de25245c920006a3d47b6b4b7705980fe51b8aab8f1405c439fcf2f795" "/home/ubuntu/squalr-merge/squalr-engine-api"
resolution external-local "b862802bb141ce23ad14c14b765e1f5c0777bb811bb3e927acb28f49054f3311"
navigation root
authored 0
authored-build 0
package
source
name "squalr_engine_scanning"
lineage external-local "6485e0de25245c920006a3d47b6b4b7705980fe51b8aab8f1405c439fcf2f795" "/home/ubuntu/squalr-merge/squalr-engine-scanning"
resolution external-local "b1886cf7a8e3ffef82258b5c30d832a34b3a06126250da545222bd5b35853c2b"
navigation root
authored 1
request path "../squalr-engine-api"
alias none
authored-build 0
edges 1
edge
requester
name "squalr_engine_scanning"
lineage external-local "6485e0de25245c920006a3d47b6b4b7705980fe51b8aab8f1405c439fcf2f795" "/home/ubuntu/squalr-merge/squalr-engine-scanning"
purpose "product"
ordinal 0
request path "../squalr-engine-api"
alias none
resolved-alias "squalr_engine_api"
selected
source
name "squalr_engine_api"
lineage external-local "6485e0de25245c920006a3d47b6b4b7705980fe51b8aab8f1405c439fcf2f795" "/home/ubuntu/squalr-merge/squalr-engine-api"
resolution external-local "b862802bb141ce23ad14c14b765e1f5c0777bb811bb3e927acb28f49054f3311"
end
occurrences 2
occurrence 0 product omega.target-profile.v1:linux_x86_64 omega.target-profile.v1:linux_x86_64
acceptance 42
acceptance_schema 2
rows 0
end_acceptance
occurrence 1 product omega.target-profile.v1:linux_x86_64 omega.target-profile.v1:linux_x86_64
acceptance 42
acceptance_schema 2
rows 0
end_acceptance
decisions 203
omega-policy-decisions 2
source 8c8b4e82547c9fc10cc600c2dd2122a8d53aad27d0443f5aa2904b32362e6373
baseline none
comparison 3452ab1359411c0ee735d66c2878708edd11a19b257b422d0f549753b676c914
decisions 0
end
end_target
end
