omega_lock 3
targets 1
target omega.target-profile.v1:linux_x86_64
source 1816
omega-source-closure 2
target "omega.target-profile.v1:linux_x86_64"
root
role package
request external-local "/home/ubuntu/repos/Squalr-Omega/squalr-engine-scanning" "6485e0de25245c920006a3d47b6b4b7705980fe51b8aab8f1405c439fcf2f795"
selected
source
name "squalr_engine_scanning"
lineage external-local "6485e0de25245c920006a3d47b6b4b7705980fe51b8aab8f1405c439fcf2f795" "/home/ubuntu/repos/Squalr-Omega/squalr-engine-scanning"
resolution external-local "847e658d92104a0d0484823a778cc2a38f6eb50bc0497a6d3d58c04fb7b63ab8"
packages 2
package
source
name "squalr_engine_api"
lineage external-local "6485e0de25245c920006a3d47b6b4b7705980fe51b8aab8f1405c439fcf2f795" "/home/ubuntu/repos/Squalr-Omega/squalr-engine-api"
resolution external-local "78c5f4af697a2ec76b3963f1786eb5f60f6a59ac2d7cdbb910474fa5ea2cc553"
navigation root
authored 0
authored-build 0
package
source
name "squalr_engine_scanning"
lineage external-local "6485e0de25245c920006a3d47b6b4b7705980fe51b8aab8f1405c439fcf2f795" "/home/ubuntu/repos/Squalr-Omega/squalr-engine-scanning"
resolution external-local "847e658d92104a0d0484823a778cc2a38f6eb50bc0497a6d3d58c04fb7b63ab8"
navigation root
authored 1
request path "../squalr-engine-api"
alias none
authored-build 0
edges 1
edge
requester
name "squalr_engine_scanning"
lineage external-local "6485e0de25245c920006a3d47b6b4b7705980fe51b8aab8f1405c439fcf2f795" "/home/ubuntu/repos/Squalr-Omega/squalr-engine-scanning"
purpose "product"
ordinal 0
request path "../squalr-engine-api"
alias none
resolved-alias "squalr_engine_api"
selected
source
name "squalr_engine_api"
lineage external-local "6485e0de25245c920006a3d47b6b4b7705980fe51b8aab8f1405c439fcf2f795" "/home/ubuntu/repos/Squalr-Omega/squalr-engine-api"
resolution external-local "78c5f4af697a2ec76b3963f1786eb5f60f6a59ac2d7cdbb910474fa5ea2cc553"
end
occurrences 2
occurrence 0 product omega.target-profile.v1:linux_x86_64 omega.target-profile.v1:linux_x86_64
acceptance 42
acceptance_schema 2
rows 0
end_acceptance
occurrence 1 product omega.target-profile.v1:linux_x86_64 omega.target-profile.v1:linux_x86_64
acceptance 42
acceptance_schema 2
rows 0
end_acceptance
decisions 263
omega-policy-decisions 2
source df666d9f51072ecb5fe9079bc96aa37ece42adbcbc51ea4791964574bb00a2be
baseline df666d9f51072ecb5fe9079bc96aa37ece42adbcbc51ea4791964574bb00a2be
comparison f8ba616fcf8e653629a8e8dcaffa599660056fa34ae412c02b99aad6e6f07130
decisions 0
end
end_target
end
